
Microsoft Visual Studio Solution File, Format Version 12.00
# Visual Studio Version 17
VisualStudioVersion = 17.10.34916.146
MinimumVisualStudioVersion = 10.0.40219.1
Project("{2150E333-8FDC-42A3-9474-1A3956D46DE8}") = "Lesson №_1 Сlasses and objects", "Lesson №_1 Сlasses and objects", "{96BB07D0-3F42-4852-BFC0-DA14929BEADB}"
EndProject
Project("{2150E333-8FDC-42A3-9474-1A3956D46DE8}") = "Lesson №_2 Introduction to OOP", "Lesson №_2 Introduction to OOP", "{F111FF93-1AA0-4FD2-A3A1-E2D324E79603}"
EndProject
Project("{2150E333-8FDC-42A3-9474-1A3956D46DE8}") = "Lesson №_3 Encapsulation", "Lesson №_3 Encapsulation", "{6374DE0C-90FD-42EB-9691-58250B298B16}"
EndProject
Project("{2150E333-8FDC-42A3-9474-1A3956D46DE8}") = "Lesson №_4 Inheritance", "Lesson №_4 Inheritance", "{C2B05D83-67B7-452C-BF55-4E78881806E6}"
EndProject
Project("{2150E333-8FDC-42A3-9474-1A3956D46DE8}") = "Lesson №_5 Polymorphism", "Lesson №_5 Polymorphism", "{49D3F242-D3AA-45B7-B043-B3B542404992}"
EndProject
Project("{2150E333-8FDC-42A3-9474-1A3956D46DE8}") = "Lesson №_6 Abstraction", "Lesson №_6 Abstraction", "{5ECA9349-AA09-4B0D-8634-1CB77A5E1F1A}"
EndProject
Project("{2150E333-8FDC-42A3-9474-1A3956D46DE8}") = "2_Homework", "2_Homework", "{D45E442D-D498-40C2-A6F0-27F2B14FD071}"
EndProject
Project("{2150E333-8FDC-42A3-9474-1A3956D46DE8}") = "1_Lesson", "1_Lesson", "{684BFC97-4F68-4F56-A7C3-F6A7241D79DA}"
EndProject
Project("{2150E333-8FDC-42A3-9474-1A3956D46DE8}") = "№_1 H.W.", "№_1 H.W.", "{444286F9-611C-4794-92E3-F0A23133C637}"
EndProject
Project("{2150E333-8FDC-42A3-9474-1A3956D46DE8}") = "№_2 H.W.", "№_2 H.W.", "{2A7C35D2-59A0-4643-8960-9C180B566324}"
EndProject
Project("{2150E333-8FDC-42A3-9474-1A3956D46DE8}") = "№_3 H.W.", "№_3 H.W.", "{4BE0468F-9038-4DFF-A554-CB5BEEEB0CE8}"
EndProject
Project("{2150E333-8FDC-42A3-9474-1A3956D46DE8}") = "№_4 H.W.", "№_4 H.W.", "{3EBB807E-4800-450D-9A9F-A91C2540993A}"
EndProject
Project("{2150E333-8FDC-42A3-9474-1A3956D46DE8}") = "№_5 H.W.", "№_5 H.W.", "{1D28C520-77EF-4F91-9F0A-E415176BB4AD}"
EndProject
Project("{2150E333-8FDC-42A3-9474-1A3956D46DE8}") = "№_6 H.W.", "№_6 H.W.", "{21D6AA01-5F48-4D7A-A66E-4851E4DD70FD}"
EndProject
Project("{9A19103F-16F7-4668-BE54-9A1E7A4F7556}") = "001._Task", "Lesson 1\001._Task\001._Task.csproj", "{7430609C-40EF-410C-80A0-BDF5625B52A2}"
EndProject
Project("{9A19103F-16F7-4668-BE54-9A1E7A4F7556}") = "010._Task", "Lesson 1\010._Task\010._Task.csproj", "{BE977C5D-AB56-4CA4-B38F-6122E04A367F}"
EndProject
Project("{9A19103F-16F7-4668-BE54-9A1E7A4F7556}") = "002._Task", "Lesson 1\002._Task\002._Task.csproj", "{572827B2-3BA4-4EF2-92AB-FF94133A1124}"
EndProject
Project("{9A19103F-16F7-4668-BE54-9A1E7A4F7556}") = "003._Task", "Lesson 1\003._Task\003._Task.csproj", "{F74B135E-6C89-4B1B-92D9-742F586939A7}"
EndProject
Project("{9A19103F-16F7-4668-BE54-9A1E7A4F7556}") = "004._Task", "Lesson 1\004._Task\004._Task.csproj", "{9FCDFC6D-6DFA-4237-B8B4-BD504A0CF00F}"
EndProject
Project("{9A19103F-16F7-4668-BE54-9A1E7A4F7556}") = "005._Task", "Lesson 1\005._Task\005._Task.csproj", "{3551806D-DFCF-40C4-B030-43838F3E6372}"
EndProject
Project("{9A19103F-16F7-4668-BE54-9A1E7A4F7556}") = "006._Task", "Lesson 1\006._Task\006._Task.csproj", "{F0D14EB6-DCFF-48DE-8F0E-E5F8FA92A40D}"
EndProject
Project("{9A19103F-16F7-4668-BE54-9A1E7A4F7556}") = "007._Task", "Lesson 1\007._Task\007._Task.csproj", "{D654F141-D389-4DF4-8652-E362D8090568}"
EndProject
Project("{9A19103F-16F7-4668-BE54-9A1E7A4F7556}") = "008._Task", "Lesson 1\008._Task\008._Task.csproj", "{FFAA705F-3790-420E-B4E9-2DCF3B6E7BAE}"
EndProject
Project("{9A19103F-16F7-4668-BE54-9A1E7A4F7556}") = "011._Task", "Lesson 1\011._Task\011._Task.csproj", "{BEBF1F19-843F-45C2-8A6D-DAC222133F90}"
EndProject
Project("{9A19103F-16F7-4668-BE54-9A1E7A4F7556}") = "009._Task", "Lesson 1\009._Task\009._Task.csproj", "{62A46677-EAB5-48F4-A72C-580F41A5D73D}"
EndProject
Project("{9A19103F-16F7-4668-BE54-9A1E7A4F7556}") = "016._Task", "Lesson 1\016._Task\016._Task.csproj", "{EE7EC965-7590-4917-B5BD-EFADA99956BA}"
EndProject
Project("{9A19103F-16F7-4668-BE54-9A1E7A4F7556}") = "015._Task", "Lesson 1\015._Task\015._Task.csproj", "{6DAFF56A-3B18-4CC9-88AA-B3732A7FD1AB}"
EndProject
Project("{9A19103F-16F7-4668-BE54-9A1E7A4F7556}") = "013._Task", "Lesson 1\013._Task\013._Task.csproj", "{A8666727-396A-45F8-8F3C-CB4B7BBE9BD9}"
EndProject
Project("{9A19103F-16F7-4668-BE54-9A1E7A4F7556}") = "014._Task", "Lesson 1\014._Task\014._Task.csproj", "{9C0019E7-EF6B-484B-AFB3-DD42C6F12BD8}"
EndProject
Project("{9A19103F-16F7-4668-BE54-9A1E7A4F7556}") = "012._Task", "Lesson 1\012._Task\012._Task.csproj", "{0473F6B4-2E6F-4C99-9EE8-440E2E380AC0}"
EndProject
Project("{9A19103F-16F7-4668-BE54-9A1E7A4F7556}") = "001._Task", "Lesson 2\001._Task\001._Task.csproj", "{EBC1C96F-32EF-493C-A2D2-6F6508DF7E5A}"
EndProject
Project("{9A19103F-16F7-4668-BE54-9A1E7A4F7556}") = "002._Task", "Lesson 2\002._Task\002._Task.csproj", "{BF048196-F819-4444-8653-9BC50A5B082F}"
EndProject
Project("{9A19103F-16F7-4668-BE54-9A1E7A4F7556}") = "003._Task", "Lesson 2\003._Task\003._Task.csproj", "{CFAC2DC3-C37D-4615-A312-645AAB3ECE88}"
EndProject
Project("{9A19103F-16F7-4668-BE54-9A1E7A4F7556}") = "004._Task", "Lesson 2\004._Task\004._Task.csproj", "{03D9A845-9B5F-4423-9E6E-F35EF253FA58}"
EndProject
Project("{9A19103F-16F7-4668-BE54-9A1E7A4F7556}") = "005._Task", "Lesson 2\005._Task\005._Task.csproj", "{12BB0E7E-BB44-46ED-BBB7-A7BCF138FB23}"
EndProject
Project("{9A19103F-16F7-4668-BE54-9A1E7A4F7556}") = "006._Task", "Lesson 2\006._Task\006._Task.csproj", "{FE5DCDB8-34F3-4F97-B894-CCCA4424EF08}"
EndProject
Project("{9A19103F-16F7-4668-BE54-9A1E7A4F7556}") = "001._Task", "Lesson 3\001._Task\001._Task.csproj", "{34DE70C4-FF4C-468D-8FA1-CEDDAB459E2D}"
EndProject
Project("{9A19103F-16F7-4668-BE54-9A1E7A4F7556}") = "Task_№_1", "HomeWork-answer № 1\Task_№_1\Task_№_1.csproj", "{065950E1-71A0-4ACC-AD42-E0DF8ADBC834}"
EndProject
Project("{9A19103F-16F7-4668-BE54-9A1E7A4F7556}") = "Task_№_2", "HomeWork-answer № 1\Task_№_2\Task_№_2.csproj", "{8C6210C5-2FB4-486A-94B1-3B17920BC998}"
EndProject
Project("{9A19103F-16F7-4668-BE54-9A1E7A4F7556}") = "Task_№_3", "HomeWork-answer № 1\Task_№_3\Task_№_3.csproj", "{4879580C-875A-479E-91B2-654A15901FA0}"
EndProject
Project("{9A19103F-16F7-4668-BE54-9A1E7A4F7556}") = "Task_№_1", "HomeWork-answer № 2\Task_№_1\Task_№_1.csproj", "{016B0C31-0BB9-4E4F-BD04-5CED6EE07606}"
EndProject
Project("{9A19103F-16F7-4668-BE54-9A1E7A4F7556}") = "Task_№_2", "HomeWork-answer № 2\Task_№_2\Task_№_2.csproj", "{7A8DCDDE-443D-4424-8088-D908D0705D67}"
EndProject
Project("{9A19103F-16F7-4668-BE54-9A1E7A4F7556}") = "Task_№_1", "HomeWork-answer № 3\Task_№_1\Task_№_1.csproj", "{17F114DA-E3F7-43F6-BA6A-E12209A3E2C9}"
EndProject
Project("{9A19103F-16F7-4668-BE54-9A1E7A4F7556}") = "Task_№_2", "HomeWork-answer № 3\Task_№_2\Task_№_2.csproj", "{CF3F139F-9382-43DA-8C63-076D4D1B030F}"
EndProject
Project("{9A19103F-16F7-4668-BE54-9A1E7A4F7556}") = "Task_№_3", "HomeWork-answer № 3\Task_№_3\Task_№_3.csproj", "{12E5FA4C-C099-44DF-A417-34C9953C779E}"
EndProject
Project("{9A19103F-16F7-4668-BE54-9A1E7A4F7556}") = "Task_№_2", "HomeWork-answer № 4\Task_№_2\Task_№_2.csproj", "{102702E8-CEC7-4C88-95DE-F4408E935B10}"
EndProject
Project("{9A19103F-16F7-4668-BE54-9A1E7A4F7556}") = "Task_№_1", "HomeWork-answer № 4\Task_№_1\Task_№_1.csproj", "{0D31E9DF-1239-436B-9292-6705CC3DA701}"
EndProject
Project("{9A19103F-16F7-4668-BE54-9A1E7A4F7556}") = "Task_№_1", "HomeWork-answer № 5\Task_№_1\Task_№_1.csproj", "{EF7F6884-5C2F-4A32-8A0A-A5CC27C59A91}"
EndProject
Project("{9A19103F-16F7-4668-BE54-9A1E7A4F7556}") = "Task_№_2", "HomeWork-answer № 5\Task_№_2\Task_№_2.csproj", "{39A2D363-248D-456C-9E7B-55AA6B314C54}"
EndProject
Project("{9A19103F-16F7-4668-BE54-9A1E7A4F7556}") = "Task_№_1", "HomeWork-answer № 6\Task_№_1\Task_№_1.csproj", "{1BF96240-3F85-42CB-A269-B258EBF34112}"
EndProject
Project("{9A19103F-16F7-4668-BE54-9A1E7A4F7556}") = "Task_№_2", "HomeWork-answer № 6\Task_№_2\Task_№_2.csproj", "{1A8D91B8-8F25-4A4B-9307-4A61A4B1AFCA}"
EndProject
Project("{9A19103F-16F7-4668-BE54-9A1E7A4F7556}") = "Task_№_3", "HomeWork-answer № 6\Task_№_3\Task_№_3.csproj", "{1A80F32B-A18C-4FD4-B908-0F9C265BB4AD}"
EndProject
Project("{9A19103F-16F7-4668-BE54-9A1E7A4F7556}") = "001._Task", "Lesson 4\001._Task\001._Task.csproj", "{36814969-9C55-4F54-8C53-928A86C7C2EF}"
EndProject
Project("{9A19103F-16F7-4668-BE54-9A1E7A4F7556}") = "001._Task", "Lesson 5\001._Task\001._Task.csproj", "{097EA362-4719-4889-B721-6A9907CA9156}"
EndProject
Project("{9A19103F-16F7-4668-BE54-9A1E7A4F7556}") = "001._Task", "Lesson 6\001._Task\001._Task.csproj", "{7D19F74B-C348-4904-A916-6226D90E946F}"
EndProject
Project("{9A19103F-16F7-4668-BE54-9A1E7A4F7556}") = "002._Task", "Lesson 3\002._Task\002._Task.csproj", "{EE355E6F-538E-4CE0-81FE-4C70D8F803E3}"
EndProject
Project("{9A19103F-16F7-4668-BE54-9A1E7A4F7556}") = "002._Task", "Lesson 4\002._Task\002._Task.csproj", "{845D2F49-7807-4C4F-9DB5-74DBD169A3AA}"
EndProject
Project("{9A19103F-16F7-4668-BE54-9A1E7A4F7556}") = "002._Task", "Lesson 5\002._Task\002._Task.csproj", "{42EB3F61-FF89-406C-BA83-26781705437F}"
EndProject
Project("{9A19103F-16F7-4668-BE54-9A1E7A4F7556}") = "002._Task", "Lesson 6\002._Task\002._Task.csproj", "{DE54B796-3669-47F9-9378-54036DB813D9}"
EndProject
Project("{9A19103F-16F7-4668-BE54-9A1E7A4F7556}") = "003._Task", "Lesson 4\003._Task\003._Task.csproj", "{FEB9EEFB-F415-4767-AF8D-3FFA60DCAC09}"
EndProject
Project("{9A19103F-16F7-4668-BE54-9A1E7A4F7556}") = "004._Task", "Lesson 4\004._Task\004._Task.csproj", "{78F6E275-A30F-4B98-A508-491BAD3CEC4E}"
EndProject
Project("{9A19103F-16F7-4668-BE54-9A1E7A4F7556}") = "005._Task", "Lesson 4\005._Task\005._Task.csproj", "{0FCB1ACF-44E5-4B72-9A84-27702E9E728A}"
EndProject
Project("{9A19103F-16F7-4668-BE54-9A1E7A4F7556}") = "006._Task", "Lesson 4\006._Task\006._Task.csproj", "{05E67890-26A0-46C6-A593-7C4CB84703FC}"
EndProject
Project("{9A19103F-16F7-4668-BE54-9A1E7A4F7556}") = "007._Task", "Lesson 4\007._Task\007._Task.csproj", "{D387FCEB-7FEF-4B2F-81EA-ED620801A621}"
EndProject
Project("{9A19103F-16F7-4668-BE54-9A1E7A4F7556}") = "008._Task", "Lesson 4\008._Task\008._Task.csproj", "{9C2E712D-DF99-4D28-813C-19587095C772}"
EndProject
Project("{9A19103F-16F7-4668-BE54-9A1E7A4F7556}") = "005._Task", "Lesson 5\005._Task\005._Task.csproj", "{CD019446-A806-438C-A96E-9EB1942B6483}"
EndProject
Project("{9A19103F-16F7-4668-BE54-9A1E7A4F7556}") = "004._Task", "Lesson 5\004._Task\004._Task.csproj", "{E2AB6C77-1198-4E13-85AD-37182560B343}"
EndProject
Project("{9A19103F-16F7-4668-BE54-9A1E7A4F7556}") = "009._Task", "Lesson 4\009._Task\009._Task.csproj", "{034C9977-A824-45A0-9B55-E590787DD497}"
EndProject
Project("{9A19103F-16F7-4668-BE54-9A1E7A4F7556}") = "010._Task", "Lesson 4\010._Task\010._Task.csproj", "{43DEDC5D-23A2-4841-AD97-3922A7B03A7A}"
EndProject
Project("{9A19103F-16F7-4668-BE54-9A1E7A4F7556}") = "006._Task", "Lesson 5\006._Task\006._Task.csproj", "{C6BFA5B6-44DB-4CF2-8FE1-C68088A343F0}"
EndProject
Project("{9A19103F-16F7-4668-BE54-9A1E7A4F7556}") = "003._Task", "Lesson 5\003._Task\003._Task.csproj", "{5D27B645-956A-4D8C-B9D5-36BACA5E1076}"
EndProject
Project("{9A19103F-16F7-4668-BE54-9A1E7A4F7556}") = "007._Task", "Lesson 5\007._Task\007._Task.csproj", "{87B61A7F-8DFA-44CA-AA5E-749923D0591D}"
EndProject
Project("{9A19103F-16F7-4668-BE54-9A1E7A4F7556}") = "008._Task", "Lesson 5\008._Task\008._Task.csproj", "{69CF53F1-54E8-461C-BF32-8D738E29DE6F}"
EndProject
Project("{9A19103F-16F7-4668-BE54-9A1E7A4F7556}") = "009._Task", "Lesson 5\009._Task\009._Task.csproj", "{09D1806A-E5E5-4E6F-BC23-AA5813A4E847}"
EndProject
Project("{FAE04EC0-301F-11D3-BF4B-00C04F79EFBC}") = "003._Task", "Lesson 6\003._Task\003._Task.csproj", "{EC443865-57DA-4A9B-95E2-67FF8056CFF7}"
EndProject
Project("{FAE04EC0-301F-11D3-BF4B-00C04F79EFBC}") = "004._Task", "Lesson 6\004._Task\004._Task.csproj", "{1DD6105B-47A3-43C3-A70E-30D3973D8D3C}"
EndProject
Project("{FAE04EC0-301F-11D3-BF4B-00C04F79EFBC}") = "005._Task", "Lesson 6\005._Task\005._Task.csproj", "{33EF95B0-97E2-4342-B85E-FA3ED1DE85D5}"
EndProject
Project("{FAE04EC0-301F-11D3-BF4B-00C04F79EFBC}") = "006._Task", "Lesson 6\006._Task\006._Task.csproj", "{F352D55B-E672-41CA-A59E-34AE93A03658}"
EndProject
Project("{9A19103F-16F7-4668-BE54-9A1E7A4F7556}") = "007._Task", "Lesson 6\007._Task\007._Task.csproj", "{96E99049-F303-4319-93F5-9CDBC2C240EE}"
EndProject
Project("{FAE04EC0-301F-11D3-BF4B-00C04F79EFBC}") = "008._Task", "Lesson 6\008._Task\008._Task.csproj", "{F80FFA5F-8B46-4C88-BB29-6DB9B54A84BB}"
EndProject
Project("{FAE04EC0-301F-11D3-BF4B-00C04F79EFBC}") = "009._Task", "Lesson 6\009._Task\009._Task.csproj", "{4CB5EC63-C82E-4EB4-9553-5723A0EF1201}"
EndProject
Project("{FAE04EC0-301F-11D3-BF4B-00C04F79EFBC}") = "010._Task", "Lesson 6\010._Task\010._Task.csproj", "{49122AC4-E59A-40AC-8860-66E112648CCB}"
EndProject
Project("{FAE04EC0-301F-11D3-BF4B-00C04F79EFBC}") = "011._Task", "Lesson 6\011._Task\011._Task.csproj", "{CA010F0A-AD36-4ACF-99A6-068D2135818C}"
EndProject
Project("{FAE04EC0-301F-11D3-BF4B-00C04F79EFBC}") = "012._Task", "Lesson 6\012._Task\012._Task.csproj", "{74A33AE3-3904-4B9F-AFDF-FD91AF74E01E}"
EndProject
Project("{FAE04EC0-301F-11D3-BF4B-00C04F79EFBC}") = "013._Task", "Lesson 6\013._Task\013._Task.csproj", "{3BBC7B39-2B57-470F-8704-358580A8825A}"
EndProject
Project("{FAE04EC0-301F-11D3-BF4B-00C04F79EFBC}") = "ClassLibrary1", "Lesson 3\ClassLibrary1\ClassLibrary1.csproj", "{61435F40-D55D-4DDB-A72E-5DD51C84075D}"
EndProject
Project("{FAE04EC0-301F-11D3-BF4B-00C04F79EFBC}") = "003._Task", "Lesson 3\003._Task\003._Task.csproj", "{49DAA603-5447-4D2A-B63B-B68D551CA21C}"
EndProject
Project("{FAE04EC0-301F-11D3-BF4B-00C04F79EFBC}") = "004._Task", "Lesson 3\004._Task\004._Task.csproj", "{089582BA-053E-42C2-8CBC-8D8D22A15B8B}"
EndProject
Global
	GlobalSection(SolutionConfigurationPlatforms) = preSolution
		Debug|Any CPU = Debug|Any CPU
		Release|Any CPU = Release|Any CPU
	EndGlobalSection
	GlobalSection(ProjectConfigurationPlatforms) = postSolution
		{7430609C-40EF-410C-80A0-BDF5625B52A2}.Debug|Any CPU.ActiveCfg = Debug|Any CPU
		{7430609C-40EF-410C-80A0-BDF5625B52A2}.Debug|Any CPU.Build.0 = Debug|Any CPU
		{7430609C-40EF-410C-80A0-BDF5625B52A2}.Release|Any CPU.ActiveCfg = Release|Any CPU
		{7430609C-40EF-410C-80A0-BDF5625B52A2}.Release|Any CPU.Build.0 = Release|Any CPU
		{BE977C5D-AB56-4CA4-B38F-6122E04A367F}.Debug|Any CPU.ActiveCfg = Debug|Any CPU
		{BE977C5D-AB56-4CA4-B38F-6122E04A367F}.Debug|Any CPU.Build.0 = Debug|Any CPU
		{BE977C5D-AB56-4CA4-B38F-6122E04A367F}.Release|Any CPU.ActiveCfg = Release|Any CPU
		{BE977C5D-AB56-4CA4-B38F-6122E04A367F}.Release|Any CPU.Build.0 = Release|Any CPU
		{572827B2-3BA4-4EF2-92AB-FF94133A1124}.Debug|Any CPU.ActiveCfg = Debug|Any CPU
		{572827B2-3BA4-4EF2-92AB-FF94133A1124}.Debug|Any CPU.Build.0 = Debug|Any CPU
		{572827B2-3BA4-4EF2-92AB-FF94133A1124}.Release|Any CPU.ActiveCfg = Release|Any CPU
		{572827B2-3BA4-4EF2-92AB-FF94133A1124}.Release|Any CPU.Build.0 = Release|Any CPU
		{F74B135E-6C89-4B1B-92D9-742F586939A7}.Debug|Any CPU.ActiveCfg = Debug|Any CPU
		{F74B135E-6C89-4B1B-92D9-742F586939A7}.Debug|Any CPU.Build.0 = Debug|Any CPU
		{F74B135E-6C89-4B1B-92D9-742F586939A7}.Release|Any CPU.ActiveCfg = Release|Any CPU
		{F74B135E-6C89-4B1B-92D9-742F586939A7}.Release|Any CPU.Build.0 = Release|Any CPU
		{9FCDFC6D-6DFA-4237-B8B4-BD504A0CF00F}.Debug|Any CPU.ActiveCfg = Debug|Any CPU
		{9FCDFC6D-6DFA-4237-B8B4-BD504A0CF00F}.Debug|Any CPU.Build.0 = Debug|Any CPU
		{9FCDFC6D-6DFA-4237-B8B4-BD504A0CF00F}.Release|Any CPU.ActiveCfg = Release|Any CPU
		{9FCDFC6D-6DFA-4237-B8B4-BD504A0CF00F}.Release|Any CPU.Build.0 = Release|Any CPU
		{3551806D-DFCF-40C4-B030-43838F3E6372}.Debug|Any CPU.ActiveCfg = Debug|Any CPU
		{3551806D-DFCF-40C4-B030-43838F3E6372}.Debug|Any CPU.Build.0 = Debug|Any CPU
		{3551806D-DFCF-40C4-B030-43838F3E6372}.Release|Any CPU.ActiveCfg = Release|Any CPU
		{3551806D-DFCF-40C4-B030-43838F3E6372}.Release|Any CPU.Build.0 = Release|Any CPU
		{F0D14EB6-DCFF-48DE-8F0E-E5F8FA92A40D}.Debug|Any CPU.ActiveCfg = Debug|Any CPU
		{F0D14EB6-DCFF-48DE-8F0E-E5F8FA92A40D}.Debug|Any CPU.Build.0 = Debug|Any CPU
		{F0D14EB6-DCFF-48DE-8F0E-E5F8FA92A40D}.Release|Any CPU.ActiveCfg = Release|Any CPU
		{F0D14EB6-DCFF-48DE-8F0E-E5F8FA92A40D}.Release|Any CPU.Build.0 = Release|Any CPU
		{D654F141-D389-4DF4-8652-E362D8090568}.Debug|Any CPU.ActiveCfg = Debug|Any CPU
		{D654F141-D389-4DF4-8652-E362D8090568}.Debug|Any CPU.Build.0 = Debug|Any CPU
		{D654F141-D389-4DF4-8652-E362D8090568}.Release|Any CPU.ActiveCfg = Release|Any CPU
		{D654F141-D389-4DF4-8652-E362D8090568}.Release|Any CPU.Build.0 = Release|Any CPU
		{FFAA705F-3790-420E-B4E9-2DCF3B6E7BAE}.Debug|Any CPU.ActiveCfg = Debug|Any CPU
		{FFAA705F-3790-420E-B4E9-2DCF3B6E7BAE}.Debug|Any CPU.Build.0 = Debug|Any CPU
		{FFAA705F-3790-420E-B4E9-2DCF3B6E7BAE}.Release|Any CPU.ActiveCfg = Release|Any CPU
		{FFAA705F-3790-420E-B4E9-2DCF3B6E7BAE}.Release|Any CPU.Build.0 = Release|Any CPU
		{BEBF1F19-843F-45C2-8A6D-DAC222133F90}.Debug|Any CPU.ActiveCfg = Debug|Any CPU
		{BEBF1F19-843F-45C2-8A6D-DAC222133F90}.Debug|Any CPU.Build.0 = Debug|Any CPU
		{BEBF1F19-843F-45C2-8A6D-DAC222133F90}.Release|Any CPU.ActiveCfg = Release|Any CPU
		{BEBF1F19-843F-45C2-8A6D-DAC222133F90}.Release|Any CPU.Build.0 = Release|Any CPU
		{62A46677-EAB5-48F4-A72C-580F41A5D73D}.Debug|Any CPU.ActiveCfg = Debug|Any CPU
		{62A46677-EAB5-48F4-A72C-580F41A5D73D}.Debug|Any CPU.Build.0 = Debug|Any CPU
		{62A46677-EAB5-48F4-A72C-580F41A5D73D}.Release|Any CPU.ActiveCfg = Release|Any CPU
		{62A46677-EAB5-48F4-A72C-580F41A5D73D}.Release|Any CPU.Build.0 = Release|Any CPU
		{EE7EC965-7590-4917-B5BD-EFADA99956BA}.Debug|Any CPU.ActiveCfg = Debug|Any CPU
		{EE7EC965-7590-4917-B5BD-EFADA99956BA}.Debug|Any CPU.Build.0 = Debug|Any CPU
		{EE7EC965-7590-4917-B5BD-EFADA99956BA}.Release|Any CPU.ActiveCfg = Release|Any CPU
		{EE7EC965-7590-4917-B5BD-EFADA99956BA}.Release|Any CPU.Build.0 = Release|Any CPU
		{6DAFF56A-3B18-4CC9-88AA-B3732A7FD1AB}.Debug|Any CPU.ActiveCfg = Debug|Any CPU
		{6DAFF56A-3B18-4CC9-88AA-B3732A7FD1AB}.Debug|Any CPU.Build.0 = Debug|Any CPU
		{6DAFF56A-3B18-4CC9-88AA-B3732A7FD1AB}.Release|Any CPU.ActiveCfg = Release|Any CPU
		{6DAFF56A-3B18-4CC9-88AA-B3732A7FD1AB}.Release|Any CPU.Build.0 = Release|Any CPU
		{A8666727-396A-45F8-8F3C-CB4B7BBE9BD9}.Debug|Any CPU.ActiveCfg = Debug|Any CPU
		{A8666727-396A-45F8-8F3C-CB4B7BBE9BD9}.Debug|Any CPU.Build.0 = Debug|Any CPU
		{A8666727-396A-45F8-8F3C-CB4B7BBE9BD9}.Release|Any CPU.ActiveCfg = Release|Any CPU
		{A8666727-396A-45F8-8F3C-CB4B7BBE9BD9}.Release|Any CPU.Build.0 = Release|Any CPU
		{9C0019E7-EF6B-484B-AFB3-DD42C6F12BD8}.Debug|Any CPU.ActiveCfg = Debug|Any CPU
		{9C0019E7-EF6B-484B-AFB3-DD42C6F12BD8}.Debug|Any CPU.Build.0 = Debug|Any CPU
		{9C0019E7-EF6B-484B-AFB3-DD42C6F12BD8}.Release|Any CPU.ActiveCfg = Release|Any CPU
		{9C0019E7-EF6B-484B-AFB3-DD42C6F12BD8}.Release|Any CPU.Build.0 = Release|Any CPU
		{0473F6B4-2E6F-4C99-9EE8-440E2E380AC0}.Debug|Any CPU.ActiveCfg = Debug|Any CPU
		{0473F6B4-2E6F-4C99-9EE8-440E2E380AC0}.Debug|Any CPU.Build.0 = Debug|Any CPU
		{0473F6B4-2E6F-4C99-9EE8-440E2E380AC0}.Release|Any CPU.ActiveCfg = Release|Any CPU
		{0473F6B4-2E6F-4C99-9EE8-440E2E380AC0}.Release|Any CPU.Build.0 = Release|Any CPU
		{EBC1C96F-32EF-493C-A2D2-6F6508DF7E5A}.Debug|Any CPU.ActiveCfg = Debug|Any CPU
		{EBC1C96F-32EF-493C-A2D2-6F6508DF7E5A}.Debug|Any CPU.Build.0 = Debug|Any CPU
		{EBC1C96F-32EF-493C-A2D2-6F6508DF7E5A}.Release|Any CPU.ActiveCfg = Release|Any CPU
		{EBC1C96F-32EF-493C-A2D2-6F6508DF7E5A}.Release|Any CPU.Build.0 = Release|Any CPU
		{BF048196-F819-4444-8653-9BC50A5B082F}.Debug|Any CPU.ActiveCfg = Debug|Any CPU
		{BF048196-F819-4444-8653-9BC50A5B082F}.Debug|Any CPU.Build.0 = Debug|Any CPU
		{BF048196-F819-4444-8653-9BC50A5B082F}.Release|Any CPU.ActiveCfg = Release|Any CPU
		{BF048196-F819-4444-8653-9BC50A5B082F}.Release|Any CPU.Build.0 = Release|Any CPU
		{CFAC2DC3-C37D-4615-A312-645AAB3ECE88}.Debug|Any CPU.ActiveCfg = Debug|Any CPU
		{CFAC2DC3-C37D-4615-A312-645AAB3ECE88}.Debug|Any CPU.Build.0 = Debug|Any CPU
		{CFAC2DC3-C37D-4615-A312-645AAB3ECE88}.Release|Any CPU.ActiveCfg = Release|Any CPU
		{CFAC2DC3-C37D-4615-A312-645AAB3ECE88}.Release|Any CPU.Build.0 = Release|Any CPU
		{03D9A845-9B5F-4423-9E6E-F35EF253FA58}.Debug|Any CPU.ActiveCfg = Debug|Any CPU
		{03D9A845-9B5F-4423-9E6E-F35EF253FA58}.Debug|Any CPU.Build.0 = Debug|Any CPU
		{03D9A845-9B5F-4423-9E6E-F35EF253FA58}.Release|Any CPU.ActiveCfg = Release|Any CPU
		{03D9A845-9B5F-4423-9E6E-F35EF253FA58}.Release|Any CPU.Build.0 = Release|Any CPU
		{12BB0E7E-BB44-46ED-BBB7-A7BCF138FB23}.Debug|Any CPU.ActiveCfg = Debug|Any CPU
		{12BB0E7E-BB44-46ED-BBB7-A7BCF138FB23}.Debug|Any CPU.Build.0 = Debug|Any CPU
		{12BB0E7E-BB44-46ED-BBB7-A7BCF138FB23}.Release|Any CPU.ActiveCfg = Release|Any CPU
		{12BB0E7E-BB44-46ED-BBB7-A7BCF138FB23}.Release|Any CPU.Build.0 = Release|Any CPU
		{FE5DCDB8-34F3-4F97-B894-CCCA4424EF08}.Debug|Any CPU.ActiveCfg = Debug|Any CPU
		{FE5DCDB8-34F3-4F97-B894-CCCA4424EF08}.Debug|Any CPU.Build.0 = Debug|Any CPU
		{FE5DCDB8-34F3-4F97-B894-CCCA4424EF08}.Release|Any CPU.ActiveCfg = Release|Any CPU
		{FE5DCDB8-34F3-4F97-B894-CCCA4424EF08}.Release|Any CPU.Build.0 = Release|Any CPU
		{34DE70C4-FF4C-468D-8FA1-CEDDAB459E2D}.Debug|Any CPU.ActiveCfg = Debug|Any CPU
		{34DE70C4-FF4C-468D-8FA1-CEDDAB459E2D}.Debug|Any CPU.Build.0 = Debug|Any CPU
		{34DE70C4-FF4C-468D-8FA1-CEDDAB459E2D}.Release|Any CPU.ActiveCfg = Release|Any CPU
		{34DE70C4-FF4C-468D-8FA1-CEDDAB459E2D}.Release|Any CPU.Build.0 = Release|Any CPU
		{065950E1-71A0-4ACC-AD42-E0DF8ADBC834}.Debug|Any CPU.ActiveCfg = Debug|Any CPU
		{065950E1-71A0-4ACC-AD42-E0DF8ADBC834}.Debug|Any CPU.Build.0 = Debug|Any CPU
		{065950E1-71A0-4ACC-AD42-E0DF8ADBC834}.Release|Any CPU.ActiveCfg = Release|Any CPU
		{065950E1-71A0-4ACC-AD42-E0DF8ADBC834}.Release|Any CPU.Build.0 = Release|Any CPU
		{8C6210C5-2FB4-486A-94B1-3B17920BC998}.Debug|Any CPU.ActiveCfg = Debug|Any CPU
		{8C6210C5-2FB4-486A-94B1-3B17920BC998}.Debug|Any CPU.Build.0 = Debug|Any CPU
		{8C6210C5-2FB4-486A-94B1-3B17920BC998}.Release|Any CPU.ActiveCfg = Release|Any CPU
		{8C6210C5-2FB4-486A-94B1-3B17920BC998}.Release|Any CPU.Build.0 = Release|Any CPU
		{4879580C-875A-479E-91B2-654A15901FA0}.Debug|Any CPU.ActiveCfg = Debug|Any CPU
		{4879580C-875A-479E-91B2-654A15901FA0}.Debug|Any CPU.Build.0 = Debug|Any CPU
		{4879580C-875A-479E-91B2-654A15901FA0}.Release|Any CPU.ActiveCfg = Release|Any CPU
		{4879580C-875A-479E-91B2-654A15901FA0}.Release|Any CPU.Build.0 = Release|Any CPU
		{016B0C31-0BB9-4E4F-BD04-5CED6EE07606}.Debug|Any CPU.ActiveCfg = Debug|Any CPU
		{016B0C31-0BB9-4E4F-BD04-5CED6EE07606}.Debug|Any CPU.Build.0 = Debug|Any CPU
		{016B0C31-0BB9-4E4F-BD04-5CED6EE07606}.Release|Any CPU.ActiveCfg = Release|Any CPU
		{016B0C31-0BB9-4E4F-BD04-5CED6EE07606}.Release|Any CPU.Build.0 = Release|Any CPU
		{7A8DCDDE-443D-4424-8088-D908D0705D67}.Debug|Any CPU.ActiveCfg = Debug|Any CPU
		{7A8DCDDE-443D-4424-8088-D908D0705D67}.Debug|Any CPU.Build.0 = Debug|Any CPU
		{7A8DCDDE-443D-4424-8088-D908D0705D67}.Release|Any CPU.ActiveCfg = Release|Any CPU
		{7A8DCDDE-443D-4424-8088-D908D0705D67}.Release|Any CPU.Build.0 = Release|Any CPU
		{17F114DA-E3F7-43F6-BA6A-E12209A3E2C9}.Debug|Any CPU.ActiveCfg = Debug|Any CPU
		{17F114DA-E3F7-43F6-BA6A-E12209A3E2C9}.Debug|Any CPU.Build.0 = Debug|Any CPU
		{17F114DA-E3F7-43F6-BA6A-E12209A3E2C9}.Release|Any CPU.ActiveCfg = Release|Any CPU
		{17F114DA-E3F7-43F6-BA6A-E12209A3E2C9}.Release|Any CPU.Build.0 = Release|Any CPU
		{CF3F139F-9382-43DA-8C63-076D4D1B030F}.Debug|Any CPU.ActiveCfg = Debug|Any CPU
		{CF3F139F-9382-43DA-8C63-076D4D1B030F}.Debug|Any CPU.Build.0 = Debug|Any CPU
		{CF3F139F-9382-43DA-8C63-076D4D1B030F}.Release|Any CPU.ActiveCfg = Release|Any CPU
		{CF3F139F-9382-43DA-8C63-076D4D1B030F}.Release|Any CPU.Build.0 = Release|Any CPU
		{12E5FA4C-C099-44DF-A417-34C9953C779E}.Debug|Any CPU.ActiveCfg = Debug|Any CPU
		{12E5FA4C-C099-44DF-A417-34C9953C779E}.Debug|Any CPU.Build.0 = Debug|Any CPU
		{12E5FA4C-C099-44DF-A417-34C9953C779E}.Release|Any CPU.ActiveCfg = Release|Any CPU
		{12E5FA4C-C099-44DF-A417-34C9953C779E}.Release|Any CPU.Build.0 = Release|Any CPU
		{102702E8-CEC7-4C88-95DE-F4408E935B10}.Debug|Any CPU.ActiveCfg = Debug|Any CPU
		{102702E8-CEC7-4C88-95DE-F4408E935B10}.Debug|Any CPU.Build.0 = Debug|Any CPU
		{102702E8-CEC7-4C88-95DE-F4408E935B10}.Release|Any CPU.ActiveCfg = Release|Any CPU
		{102702E8-CEC7-4C88-95DE-F4408E935B10}.Release|Any CPU.Build.0 = Release|Any CPU
		{0D31E9DF-1239-436B-9292-6705CC3DA701}.Debug|Any CPU.ActiveCfg = Debug|Any CPU
		{0D31E9DF-1239-436B-9292-6705CC3DA701}.Debug|Any CPU.Build.0 = Debug|Any CPU
		{0D31E9DF-1239-436B-9292-6705CC3DA701}.Release|Any CPU.ActiveCfg = Release|Any CPU
		{0D31E9DF-1239-436B-9292-6705CC3DA701}.Release|Any CPU.Build.0 = Release|Any CPU
		{EF7F6884-5C2F-4A32-8A0A-A5CC27C59A91}.Debug|Any CPU.ActiveCfg = Debug|Any CPU
		{EF7F6884-5C2F-4A32-8A0A-A5CC27C59A91}.Debug|Any CPU.Build.0 = Debug|Any CPU
		{EF7F6884-5C2F-4A32-8A0A-A5CC27C59A91}.Release|Any CPU.ActiveCfg = Release|Any CPU
		{EF7F6884-5C2F-4A32-8A0A-A5CC27C59A91}.Release|Any CPU.Build.0 = Release|Any CPU
		{39A2D363-248D-456C-9E7B-55AA6B314C54}.Debug|Any CPU.ActiveCfg = Debug|Any CPU
		{39A2D363-248D-456C-9E7B-55AA6B314C54}.Debug|Any CPU.Build.0 = Debug|Any CPU
		{39A2D363-248D-456C-9E7B-55AA6B314C54}.Release|Any CPU.ActiveCfg = Release|Any CPU
		{39A2D363-248D-456C-9E7B-55AA6B314C54}.Release|Any CPU.Build.0 = Release|Any CPU
		{1BF96240-3F85-42CB-A269-B258EBF34112}.Debug|Any CPU.ActiveCfg = Debug|Any CPU
		{1BF96240-3F85-42CB-A269-B258EBF34112}.Debug|Any CPU.Build.0 = Debug|Any CPU
		{1BF96240-3F85-42CB-A269-B258EBF34112}.Release|Any CPU.ActiveCfg = Release|Any CPU
		{1BF96240-3F85-42CB-A269-B258EBF34112}.Release|Any CPU.Build.0 = Release|Any CPU
		{1A8D91B8-8F25-4A4B-9307-4A61A4B1AFCA}.Debug|Any CPU.ActiveCfg = Debug|Any CPU
		{1A8D91B8-8F25-4A4B-9307-4A61A4B1AFCA}.Debug|Any CPU.Build.0 = Debug|Any CPU
		{1A8D91B8-8F25-4A4B-9307-4A61A4B1AFCA}.Release|Any CPU.ActiveCfg = Release|Any CPU
		{1A8D91B8-8F25-4A4B-9307-4A61A4B1AFCA}.Release|Any CPU.Build.0 = Release|Any CPU
		{1A80F32B-A18C-4FD4-B908-0F9C265BB4AD}.Debug|Any CPU.ActiveCfg = Debug|Any CPU
		{1A80F32B-A18C-4FD4-B908-0F9C265BB4AD}.Debug|Any CPU.Build.0 = Debug|Any CPU
		{1A80F32B-A18C-4FD4-B908-0F9C265BB4AD}.Release|Any CPU.ActiveCfg = Release|Any CPU
		{1A80F32B-A18C-4FD4-B908-0F9C265BB4AD}.Release|Any CPU.Build.0 = Release|Any CPU
		{36814969-9C55-4F54-8C53-928A86C7C2EF}.Debug|Any CPU.ActiveCfg = Debug|Any CPU
		{36814969-9C55-4F54-8C53-928A86C7C2EF}.Debug|Any CPU.Build.0 = Debug|Any CPU
		{36814969-9C55-4F54-8C53-928A86C7C2EF}.Release|Any CPU.ActiveCfg = Release|Any CPU
		{36814969-9C55-4F54-8C53-928A86C7C2EF}.Release|Any CPU.Build.0 = Release|Any CPU
		{097EA362-4719-4889-B721-6A9907CA9156}.Debug|Any CPU.ActiveCfg = Debug|Any CPU
		{097EA362-4719-4889-B721-6A9907CA9156}.Debug|Any CPU.Build.0 = Debug|Any CPU
		{097EA362-4719-4889-B721-6A9907CA9156}.Release|Any CPU.ActiveCfg = Release|Any CPU
		{097EA362-4719-4889-B721-6A9907CA9156}.Release|Any CPU.Build.0 = Release|Any CPU
		{7D19F74B-C348-4904-A916-6226D90E946F}.Debug|Any CPU.ActiveCfg = Debug|Any CPU
		{7D19F74B-C348-4904-A916-6226D90E946F}.Debug|Any CPU.Build.0 = Debug|Any CPU
		{7D19F74B-C348-4904-A916-6226D90E946F}.Release|Any CPU.ActiveCfg = Release|Any CPU
		{7D19F74B-C348-4904-A916-6226D90E946F}.Release|Any CPU.Build.0 = Release|Any CPU
		{EE355E6F-538E-4CE0-81FE-4C70D8F803E3}.Debug|Any CPU.ActiveCfg = Debug|Any CPU
		{EE355E6F-538E-4CE0-81FE-4C70D8F803E3}.Debug|Any CPU.Build.0 = Debug|Any CPU
		{EE355E6F-538E-4CE0-81FE-4C70D8F803E3}.Release|Any CPU.ActiveCfg = Release|Any CPU
		{EE355E6F-538E-4CE0-81FE-4C70D8F803E3}.Release|Any CPU.Build.0 = Release|Any CPU
		{845D2F49-7807-4C4F-9DB5-74DBD169A3AA}.Debug|Any CPU.ActiveCfg = Debug|Any CPU
		{845D2F49-7807-4C4F-9DB5-74DBD169A3AA}.Debug|Any CPU.Build.0 = Debug|Any CPU
		{845D2F49-7807-4C4F-9DB5-74DBD169A3AA}.Release|Any CPU.ActiveCfg = Release|Any CPU
		{845D2F49-7807-4C4F-9DB5-74DBD169A3AA}.Release|Any CPU.Build.0 = Release|Any CPU
		{42EB3F61-FF89-406C-BA83-26781705437F}.Debug|Any CPU.ActiveCfg = Debug|Any CPU
		{42EB3F61-FF89-406C-BA83-26781705437F}.Debug|Any CPU.Build.0 = Debug|Any CPU
		{42EB3F61-FF89-406C-BA83-26781705437F}.Release|Any CPU.ActiveCfg = Release|Any CPU
		{42EB3F61-FF89-406C-BA83-26781705437F}.Release|Any CPU.Build.0 = Release|Any CPU
		{DE54B796-3669-47F9-9378-54036DB813D9}.Debug|Any CPU.ActiveCfg = Debug|Any CPU
		{DE54B796-3669-47F9-9378-54036DB813D9}.Debug|Any CPU.Build.0 = Debug|Any CPU
		{DE54B796-3669-47F9-9378-54036DB813D9}.Release|Any CPU.ActiveCfg = Release|Any CPU
		{DE54B796-3669-47F9-9378-54036DB813D9}.Release|Any CPU.Build.0 = Release|Any CPU
		{FEB9EEFB-F415-4767-AF8D-3FFA60DCAC09}.Debug|Any CPU.ActiveCfg = Debug|Any CPU
		{FEB9EEFB-F415-4767-AF8D-3FFA60DCAC09}.Debug|Any CPU.Build.0 = Debug|Any CPU
		{FEB9EEFB-F415-4767-AF8D-3FFA60DCAC09}.Release|Any CPU.ActiveCfg = Release|Any CPU
		{FEB9EEFB-F415-4767-AF8D-3FFA60DCAC09}.Release|Any CPU.Build.0 = Release|Any CPU
		{78F6E275-A30F-4B98-A508-491BAD3CEC4E}.Debug|Any CPU.ActiveCfg = Debug|Any CPU
		{78F6E275-A30F-4B98-A508-491BAD3CEC4E}.Debug|Any CPU.Build.0 = Debug|Any CPU
		{78F6E275-A30F-4B98-A508-491BAD3CEC4E}.Release|Any CPU.ActiveCfg = Release|Any CPU
		{78F6E275-A30F-4B98-A508-491BAD3CEC4E}.Release|Any CPU.Build.0 = Release|Any CPU
		{0FCB1ACF-44E5-4B72-9A84-27702E9E728A}.Debug|Any CPU.ActiveCfg = Debug|Any CPU
		{0FCB1ACF-44E5-4B72-9A84-27702E9E728A}.Debug|Any CPU.Build.0 = Debug|Any CPU
		{0FCB1ACF-44E5-4B72-9A84-27702E9E728A}.Release|Any CPU.ActiveCfg = Release|Any CPU
		{0FCB1ACF-44E5-4B72-9A84-27702E9E728A}.Release|Any CPU.Build.0 = Release|Any CPU
		{05E67890-26A0-46C6-A593-7C4CB84703FC}.Debug|Any CPU.ActiveCfg = Debug|Any CPU
		{05E67890-26A0-46C6-A593-7C4CB84703FC}.Debug|Any CPU.Build.0 = Debug|Any CPU
		{05E67890-26A0-46C6-A593-7C4CB84703FC}.Release|Any CPU.ActiveCfg = Release|Any CPU
		{05E67890-26A0-46C6-A593-7C4CB84703FC}.Release|Any CPU.Build.0 = Release|Any CPU
		{D387FCEB-7FEF-4B2F-81EA-ED620801A621}.Debug|Any CPU.ActiveCfg = Debug|Any CPU
		{D387FCEB-7FEF-4B2F-81EA-ED620801A621}.Debug|Any CPU.Build.0 = Debug|Any CPU
		{D387FCEB-7FEF-4B2F-81EA-ED620801A621}.Release|Any CPU.ActiveCfg = Release|Any CPU
		{D387FCEB-7FEF-4B2F-81EA-ED620801A621}.Release|Any CPU.Build.0 = Release|Any CPU
		{9C2E712D-DF99-4D28-813C-19587095C772}.Debug|Any CPU.ActiveCfg = Debug|Any CPU
		{9C2E712D-DF99-4D28-813C-19587095C772}.Debug|Any CPU.Build.0 = Debug|Any CPU
		{9C2E712D-DF99-4D28-813C-19587095C772}.Release|Any CPU.ActiveCfg = Release|Any CPU
		{9C2E712D-DF99-4D28-813C-19587095C772}.Release|Any CPU.Build.0 = Release|Any CPU
		{CD019446-A806-438C-A96E-9EB1942B6483}.Debug|Any CPU.ActiveCfg = Debug|Any CPU
		{CD019446-A806-438C-A96E-9EB1942B6483}.Debug|Any CPU.Build.0 = Debug|Any CPU
		{CD019446-A806-438C-A96E-9EB1942B6483}.Release|Any CPU.ActiveCfg = Release|Any CPU
		{CD019446-A806-438C-A96E-9EB1942B6483}.Release|Any CPU.Build.0 = Release|Any CPU
		{E2AB6C77-1198-4E13-85AD-37182560B343}.Debug|Any CPU.ActiveCfg = Debug|Any CPU
		{E2AB6C77-1198-4E13-85AD-37182560B343}.Debug|Any CPU.Build.0 = Debug|Any CPU
		{E2AB6C77-1198-4E13-85AD-37182560B343}.Release|Any CPU.ActiveCfg = Release|Any CPU
		{E2AB6C77-1198-4E13-85AD-37182560B343}.Release|Any CPU.Build.0 = Release|Any CPU
		{034C9977-A824-45A0-9B55-E590787DD497}.Debug|Any CPU.ActiveCfg = Debug|Any CPU
		{034C9977-A824-45A0-9B55-E590787DD497}.Debug|Any CPU.Build.0 = Debug|Any CPU
		{034C9977-A824-45A0-9B55-E590787DD497}.Release|Any CPU.ActiveCfg = Release|Any CPU
		{034C9977-A824-45A0-9B55-E590787DD497}.Release|Any CPU.Build.0 = Release|Any CPU
		{43DEDC5D-23A2-4841-AD97-3922A7B03A7A}.Debug|Any CPU.ActiveCfg = Debug|Any CPU
		{43DEDC5D-23A2-4841-AD97-3922A7B03A7A}.Debug|Any CPU.Build.0 = Debug|Any CPU
		{43DEDC5D-23A2-4841-AD97-3922A7B03A7A}.Release|Any CPU.ActiveCfg = Release|Any CPU
		{43DEDC5D-23A2-4841-AD97-3922A7B03A7A}.Release|Any CPU.Build.0 = Release|Any CPU
		{C6BFA5B6-44DB-4CF2-8FE1-C68088A343F0}.Debug|Any CPU.ActiveCfg = Debug|Any CPU
		{C6BFA5B6-44DB-4CF2-8FE1-C68088A343F0}.Debug|Any CPU.Build.0 = Debug|Any CPU
		{C6BFA5B6-44DB-4CF2-8FE1-C68088A343F0}.Release|Any CPU.ActiveCfg = Release|Any CPU
		{C6BFA5B6-44DB-4CF2-8FE1-C68088A343F0}.Release|Any CPU.Build.0 = Release|Any CPU
		{5D27B645-956A-4D8C-B9D5-36BACA5E1076}.Debug|Any CPU.ActiveCfg = Debug|Any CPU
		{5D27B645-956A-4D8C-B9D5-36BACA5E1076}.Debug|Any CPU.Build.0 = Debug|Any CPU
		{5D27B645-956A-4D8C-B9D5-36BACA5E1076}.Release|Any CPU.ActiveCfg = Release|Any CPU
		{5D27B645-956A-4D8C-B9D5-36BACA5E1076}.Release|Any CPU.Build.0 = Release|Any CPU
		{87B61A7F-8DFA-44CA-AA5E-749923D0591D}.Debug|Any CPU.ActiveCfg = Debug|Any CPU
		{87B61A7F-8DFA-44CA-AA5E-749923D0591D}.Debug|Any CPU.Build.0 = Debug|Any CPU
		{87B61A7F-8DFA-44CA-AA5E-749923D0591D}.Release|Any CPU.ActiveCfg = Release|Any CPU
		{87B61A7F-8DFA-44CA-AA5E-749923D0591D}.Release|Any CPU.Build.0 = Release|Any CPU
		{69CF53F1-54E8-461C-BF32-8D738E29DE6F}.Debug|Any CPU.ActiveCfg = Debug|Any CPU
		{69CF53F1-54E8-461C-BF32-8D738E29DE6F}.Debug|Any CPU.Build.0 = Debug|Any CPU
		{69CF53F1-54E8-461C-BF32-8D738E29DE6F}.Release|Any CPU.ActiveCfg = Release|Any CPU
		{69CF53F1-54E8-461C-BF32-8D738E29DE6F}.Release|Any CPU.Build.0 = Release|Any CPU
		{09D1806A-E5E5-4E6F-BC23-AA5813A4E847}.Debug|Any CPU.ActiveCfg = Debug|Any CPU
		{09D1806A-E5E5-4E6F-BC23-AA5813A4E847}.Debug|Any CPU.Build.0 = Debug|Any CPU
		{09D1806A-E5E5-4E6F-BC23-AA5813A4E847}.Release|Any CPU.ActiveCfg = Release|Any CPU
		{09D1806A-E5E5-4E6F-BC23-AA5813A4E847}.Release|Any CPU.Build.0 = Release|Any CPU
		{EC443865-57DA-4A9B-95E2-67FF8056CFF7}.Debug|Any CPU.ActiveCfg = Debug|Any CPU
		{EC443865-57DA-4A9B-95E2-67FF8056CFF7}.Debug|Any CPU.Build.0 = Debug|Any CPU
		{EC443865-57DA-4A9B-95E2-67FF8056CFF7}.Release|Any CPU.ActiveCfg = Release|Any CPU
		{EC443865-57DA-4A9B-95E2-67FF8056CFF7}.Release|Any CPU.Build.0 = Release|Any CPU
		{1DD6105B-47A3-43C3-A70E-30D3973D8D3C}.Debug|Any CPU.ActiveCfg = Debug|Any CPU
		{1DD6105B-47A3-43C3-A70E-30D3973D8D3C}.Debug|Any CPU.Build.0 = Debug|Any CPU
		{1DD6105B-47A3-43C3-A70E-30D3973D8D3C}.Release|Any CPU.ActiveCfg = Release|Any CPU
		{1DD6105B-47A3-43C3-A70E-30D3973D8D3C}.Release|Any CPU.Build.0 = Release|Any CPU
		{33EF95B0-97E2-4342-B85E-FA3ED1DE85D5}.Debug|Any CPU.ActiveCfg = Debug|Any CPU
		{33EF95B0-97E2-4342-B85E-FA3ED1DE85D5}.Debug|Any CPU.Build.0 = Debug|Any CPU
		{33EF95B0-97E2-4342-B85E-FA3ED1DE85D5}.Release|Any CPU.ActiveCfg = Release|Any CPU
		{33EF95B0-97E2-4342-B85E-FA3ED1DE85D5}.Release|Any CPU.Build.0 = Release|Any CPU
		{F352D55B-E672-41CA-A59E-34AE93A03658}.Debug|Any CPU.ActiveCfg = Debug|Any CPU
		{F352D55B-E672-41CA-A59E-34AE93A03658}.Debug|Any CPU.Build.0 = Debug|Any CPU
		{F352D55B-E672-41CA-A59E-34AE93A03658}.Release|Any CPU.ActiveCfg = Release|Any CPU
		{F352D55B-E672-41CA-A59E-34AE93A03658}.Release|Any CPU.Build.0 = Release|Any CPU
		{96E99049-F303-4319-93F5-9CDBC2C240EE}.Debug|Any CPU.ActiveCfg = Debug|Any CPU
		{96E99049-F303-4319-93F5-9CDBC2C240EE}.Debug|Any CPU.Build.0 = Debug|Any CPU
		{96E99049-F303-4319-93F5-9CDBC2C240EE}.Release|Any CPU.ActiveCfg = Release|Any CPU
		{96E99049-F303-4319-93F5-9CDBC2C240EE}.Release|Any CPU.Build.0 = Release|Any CPU
		{F80FFA5F-8B46-4C88-BB29-6DB9B54A84BB}.Debug|Any CPU.ActiveCfg = Debug|Any CPU
		{F80FFA5F-8B46-4C88-BB29-6DB9B54A84BB}.Debug|Any CPU.Build.0 = Debug|Any CPU
		{F80FFA5F-8B46-4C88-BB29-6DB9B54A84BB}.Release|Any CPU.ActiveCfg = Release|Any CPU
		{F80FFA5F-8B46-4C88-BB29-6DB9B54A84BB}.Release|Any CPU.Build.0 = Release|Any CPU
		{4CB5EC63-C82E-4EB4-9553-5723A0EF1201}.Debug|Any CPU.ActiveCfg = Debug|Any CPU
		{4CB5EC63-C82E-4EB4-9553-5723A0EF1201}.Debug|Any CPU.Build.0 = Debug|Any CPU
		{4CB5EC63-C82E-4EB4-9553-5723A0EF1201}.Release|Any CPU.ActiveCfg = Release|Any CPU
		{4CB5EC63-C82E-4EB4-9553-5723A0EF1201}.Release|Any CPU.Build.0 = Release|Any CPU
		{49122AC4-E59A-40AC-8860-66E112648CCB}.Debug|Any CPU.ActiveCfg = Debug|Any CPU
		{49122AC4-E59A-40AC-8860-66E112648CCB}.Debug|Any CPU.Build.0 = Debug|Any CPU
		{49122AC4-E59A-40AC-8860-66E112648CCB}.Release|Any CPU.ActiveCfg = Release|Any CPU
		{49122AC4-E59A-40AC-8860-66E112648CCB}.Release|Any CPU.Build.0 = Release|Any CPU
		{CA010F0A-AD36-4ACF-99A6-068D2135818C}.Debug|Any CPU.ActiveCfg = Debug|Any CPU
		{CA010F0A-AD36-4ACF-99A6-068D2135818C}.Debug|Any CPU.Build.0 = Debug|Any CPU
		{CA010F0A-AD36-4ACF-99A6-068D2135818C}.Release|Any CPU.ActiveCfg = Release|Any CPU
		{CA010F0A-AD36-4ACF-99A6-068D2135818C}.Release|Any CPU.Build.0 = Release|Any CPU
		{74A33AE3-3904-4B9F-AFDF-FD91AF74E01E}.Debug|Any CPU.ActiveCfg = Debug|Any CPU
		{74A33AE3-3904-4B9F-AFDF-FD91AF74E01E}.Debug|Any CPU.Build.0 = Debug|Any CPU
		{74A33AE3-3904-4B9F-AFDF-FD91AF74E01E}.Release|Any CPU.ActiveCfg = Release|Any CPU
		{74A33AE3-3904-4B9F-AFDF-FD91AF74E01E}.Release|Any CPU.Build.0 = Release|Any CPU
		{3BBC7B39-2B57-470F-8704-358580A8825A}.Debug|Any CPU.ActiveCfg = Debug|Any CPU
		{3BBC7B39-2B57-470F-8704-358580A8825A}.Debug|Any CPU.Build.0 = Debug|Any CPU
		{3BBC7B39-2B57-470F-8704-358580A8825A}.Release|Any CPU.ActiveCfg = Release|Any CPU
		{3BBC7B39-2B57-470F-8704-358580A8825A}.Release|Any CPU.Build.0 = Release|Any CPU
		{61435F40-D55D-4DDB-A72E-5DD51C84075D}.Debug|Any CPU.ActiveCfg = Debug|Any CPU
		{61435F40-D55D-4DDB-A72E-5DD51C84075D}.Debug|Any CPU.Build.0 = Debug|Any CPU
		{61435F40-D55D-4DDB-A72E-5DD51C84075D}.Release|Any CPU.ActiveCfg = Release|Any CPU
		{61435F40-D55D-4DDB-A72E-5DD51C84075D}.Release|Any CPU.Build.0 = Release|Any CPU
		{49DAA603-5447-4D2A-B63B-B68D551CA21C}.Debug|Any CPU.ActiveCfg = Debug|Any CPU
		{49DAA603-5447-4D2A-B63B-B68D551CA21C}.Debug|Any CPU.Build.0 = Debug|Any CPU
		{49DAA603-5447-4D2A-B63B-B68D551CA21C}.Release|Any CPU.ActiveCfg = Release|Any CPU
		{49DAA603-5447-4D2A-B63B-B68D551CA21C}.Release|Any CPU.Build.0 = Release|Any CPU
		{089582BA-053E-42C2-8CBC-8D8D22A15B8B}.Debug|Any CPU.ActiveCfg = Debug|Any CPU
		{089582BA-053E-42C2-8CBC-8D8D22A15B8B}.Debug|Any CPU.Build.0 = Debug|Any CPU
		{089582BA-053E-42C2-8CBC-8D8D22A15B8B}.Release|Any CPU.ActiveCfg = Release|Any CPU
		{089582BA-053E-42C2-8CBC-8D8D22A15B8B}.Release|Any CPU.Build.0 = Release|Any CPU
	EndGlobalSection
	GlobalSection(SolutionProperties) = preSolution
		HideSolutionNode = FALSE
	EndGlobalSection
	GlobalSection(NestedProjects) = preSolution
		{96BB07D0-3F42-4852-BFC0-DA14929BEADB} = {684BFC97-4F68-4F56-A7C3-F6A7241D79DA}
		{F111FF93-1AA0-4FD2-A3A1-E2D324E79603} = {684BFC97-4F68-4F56-A7C3-F6A7241D79DA}
		{6374DE0C-90FD-42EB-9691-58250B298B16} = {684BFC97-4F68-4F56-A7C3-F6A7241D79DA}
		{C2B05D83-67B7-452C-BF55-4E78881806E6} = {684BFC97-4F68-4F56-A7C3-F6A7241D79DA}
		{49D3F242-D3AA-45B7-B043-B3B542404992} = {684BFC97-4F68-4F56-A7C3-F6A7241D79DA}
		{5ECA9349-AA09-4B0D-8634-1CB77A5E1F1A} = {684BFC97-4F68-4F56-A7C3-F6A7241D79DA}
		{444286F9-611C-4794-92E3-F0A23133C637} = {D45E442D-D498-40C2-A6F0-27F2B14FD071}
		{2A7C35D2-59A0-4643-8960-9C180B566324} = {D45E442D-D498-40C2-A6F0-27F2B14FD071}
		{4BE0468F-9038-4DFF-A554-CB5BEEEB0CE8} = {D45E442D-D498-40C2-A6F0-27F2B14FD071}
		{3EBB807E-4800-450D-9A9F-A91C2540993A} = {D45E442D-D498-40C2-A6F0-27F2B14FD071}
		{1D28C520-77EF-4F91-9F0A-E415176BB4AD} = {D45E442D-D498-40C2-A6F0-27F2B14FD071}
		{21D6AA01-5F48-4D7A-A66E-4851E4DD70FD} = {D45E442D-D498-40C2-A6F0-27F2B14FD071}
		{7430609C-40EF-410C-80A0-BDF5625B52A2} = {96BB07D0-3F42-4852-BFC0-DA14929BEADB}
		{BE977C5D-AB56-4CA4-B38F-6122E04A367F} = {96BB07D0-3F42-4852-BFC0-DA14929BEADB}
		{572827B2-3BA4-4EF2-92AB-FF94133A1124} = {96BB07D0-3F42-4852-BFC0-DA14929BEADB}
		{F74B135E-6C89-4B1B-92D9-742F586939A7} = {96BB07D0-3F42-4852-BFC0-DA14929BEADB}
		{9FCDFC6D-6DFA-4237-B8B4-BD504A0CF00F} = {96BB07D0-3F42-4852-BFC0-DA14929BEADB}
		{3551806D-DFCF-40C4-B030-43838F3E6372} = {96BB07D0-3F42-4852-BFC0-DA14929BEADB}
		{F0D14EB6-DCFF-48DE-8F0E-E5F8FA92A40D} = {96BB07D0-3F42-4852-BFC0-DA14929BEADB}
		{D654F141-D389-4DF4-8652-E362D8090568} = {96BB07D0-3F42-4852-BFC0-DA14929BEADB}
		{FFAA705F-3790-420E-B4E9-2DCF3B6E7BAE} = {96BB07D0-3F42-4852-BFC0-DA14929BEADB}
		{BEBF1F19-843F-45C2-8A6D-DAC222133F90} = {96BB07D0-3F42-4852-BFC0-DA14929BEADB}
		{62A46677-EAB5-48F4-A72C-580F41A5D73D} = {96BB07D0-3F42-4852-BFC0-DA14929BEADB}
		{EE7EC965-7590-4917-B5BD-EFADA99956BA} = {96BB07D0-3F42-4852-BFC0-DA14929BEADB}
		{6DAFF56A-3B18-4CC9-88AA-B3732A7FD1AB} = {96BB07D0-3F42-4852-BFC0-DA14929BEADB}
		{A8666727-396A-45F8-8F3C-CB4B7BBE9BD9} = {96BB07D0-3F42-4852-BFC0-DA14929BEADB}
		{9C0019E7-EF6B-484B-AFB3-DD42C6F12BD8} = {96BB07D0-3F42-4852-BFC0-DA14929BEADB}
		{0473F6B4-2E6F-4C99-9EE8-440E2E380AC0} = {96BB07D0-3F42-4852-BFC0-DA14929BEADB}
		{EBC1C96F-32EF-493C-A2D2-6F6508DF7E5A} = {F111FF93-1AA0-4FD2-A3A1-E2D324E79603}
		{BF048196-F819-4444-8653-9BC50A5B082F} = {F111FF93-1AA0-4FD2-A3A1-E2D324E79603}
		{CFAC2DC3-C37D-4615-A312-645AAB3ECE88} = {F111FF93-1AA0-4FD2-A3A1-E2D324E79603}
		{03D9A845-9B5F-4423-9E6E-F35EF253FA58} = {F111FF93-1AA0-4FD2-A3A1-E2D324E79603}
		{12BB0E7E-BB44-46ED-BBB7-A7BCF138FB23} = {F111FF93-1AA0-4FD2-A3A1-E2D324E79603}
		{FE5DCDB8-34F3-4F97-B894-CCCA4424EF08} = {F111FF93-1AA0-4FD2-A3A1-E2D324E79603}
		{34DE70C4-FF4C-468D-8FA1-CEDDAB459E2D} = {6374DE0C-90FD-42EB-9691-58250B298B16}
		{065950E1-71A0-4ACC-AD42-E0DF8ADBC834} = {444286F9-611C-4794-92E3-F0A23133C637}
		{8C6210C5-2FB4-486A-94B1-3B17920BC998} = {444286F9-611C-4794-92E3-F0A23133C637}
		{4879580C-875A-479E-91B2-654A15901FA0} = {444286F9-611C-4794-92E3-F0A23133C637}
		{016B0C31-0BB9-4E4F-BD04-5CED6EE07606} = {2A7C35D2-59A0-4643-8960-9C180B566324}
		{7A8DCDDE-443D-4424-8088-D908D0705D67} = {2A7C35D2-59A0-4643-8960-9C180B566324}
		{17F114DA-E3F7-43F6-BA6A-E12209A3E2C9} = {4BE0468F-9038-4DFF-A554-CB5BEEEB0CE8}
		{CF3F139F-9382-43DA-8C63-076D4D1B030F} = {4BE0468F-9038-4DFF-A554-CB5BEEEB0CE8}
		{12E5FA4C-C099-44DF-A417-34C9953C779E} = {4BE0468F-9038-4DFF-A554-CB5BEEEB0CE8}
		{102702E8-CEC7-4C88-95DE-F4408E935B10} = {3EBB807E-4800-450D-9A9F-A91C2540993A}
		{0D31E9DF-1239-436B-9292-6705CC3DA701} = {3EBB807E-4800-450D-9A9F-A91C2540993A}
		{EF7F6884-5C2F-4A32-8A0A-A5CC27C59A91} = {1D28C520-77EF-4F91-9F0A-E415176BB4AD}
		{39A2D363-248D-456C-9E7B-55AA6B314C54} = {1D28C520-77EF-4F91-9F0A-E415176BB4AD}
		{1BF96240-3F85-42CB-A269-B258EBF34112} = {21D6AA01-5F48-4D7A-A66E-4851E4DD70FD}
		{1A8D91B8-8F25-4A4B-9307-4A61A4B1AFCA} = {21D6AA01-5F48-4D7A-A66E-4851E4DD70FD}
		{1A80F32B-A18C-4FD4-B908-0F9C265BB4AD} = {21D6AA01-5F48-4D7A-A66E-4851E4DD70FD}
		{36814969-9C55-4F54-8C53-928A86C7C2EF} = {C2B05D83-67B7-452C-BF55-4E78881806E6}
		{097EA362-4719-4889-B721-6A9907CA9156} = {49D3F242-D3AA-45B7-B043-B3B542404992}
		{7D19F74B-C348-4904-A916-6226D90E946F} = {5ECA9349-AA09-4B0D-8634-1CB77A5E1F1A}
		{EE355E6F-538E-4CE0-81FE-4C70D8F803E3} = {6374DE0C-90FD-42EB-9691-58250B298B16}
		{845D2F49-7807-4C4F-9DB5-74DBD169A3AA} = {C2B05D83-67B7-452C-BF55-4E78881806E6}
		{42EB3F61-FF89-406C-BA83-26781705437F} = {49D3F242-D3AA-45B7-B043-B3B542404992}
		{DE54B796-3669-47F9-9378-54036DB813D9} = {5ECA9349-AA09-4B0D-8634-1CB77A5E1F1A}
		{FEB9EEFB-F415-4767-AF8D-3FFA60DCAC09} = {C2B05D83-67B7-452C-BF55-4E78881806E6}
		{78F6E275-A30F-4B98-A508-491BAD3CEC4E} = {C2B05D83-67B7-452C-BF55-4E78881806E6}
		{0FCB1ACF-44E5-4B72-9A84-27702E9E728A} = {C2B05D83-67B7-452C-BF55-4E78881806E6}
		{05E67890-26A0-46C6-A593-7C4CB84703FC} = {C2B05D83-67B7-452C-BF55-4E78881806E6}
		{D387FCEB-7FEF-4B2F-81EA-ED620801A621} = {C2B05D83-67B7-452C-BF55-4E78881806E6}
		{9C2E712D-DF99-4D28-813C-19587095C772} = {C2B05D83-67B7-452C-BF55-4E78881806E6}
		{CD019446-A806-438C-A96E-9EB1942B6483} = {49D3F242-D3AA-45B7-B043-B3B542404992}
		{E2AB6C77-1198-4E13-85AD-37182560B343} = {49D3F242-D3AA-45B7-B043-B3B542404992}
		{034C9977-A824-45A0-9B55-E590787DD497} = {C2B05D83-67B7-452C-BF55-4E78881806E6}
		{43DEDC5D-23A2-4841-AD97-3922A7B03A7A} = {C2B05D83-67B7-452C-BF55-4E78881806E6}
		{C6BFA5B6-44DB-4CF2-8FE1-C68088A343F0} = {49D3F242-D3AA-45B7-B043-B3B542404992}
		{5D27B645-956A-4D8C-B9D5-36BACA5E1076} = {49D3F242-D3AA-45B7-B043-B3B542404992}
		{87B61A7F-8DFA-44CA-AA5E-749923D0591D} = {49D3F242-D3AA-45B7-B043-B3B542404992}
		{69CF53F1-54E8-461C-BF32-8D738E29DE6F} = {49D3F242-D3AA-45B7-B043-B3B542404992}
		{09D1806A-E5E5-4E6F-BC23-AA5813A4E847} = {49D3F242-D3AA-45B7-B043-B3B542404992}
		{EC443865-57DA-4A9B-95E2-67FF8056CFF7} = {5ECA9349-AA09-4B0D-8634-1CB77A5E1F1A}
		{1DD6105B-47A3-43C3-A70E-30D3973D8D3C} = {5ECA9349-AA09-4B0D-8634-1CB77A5E1F1A}
		{33EF95B0-97E2-4342-B85E-FA3ED1DE85D5} = {5ECA9349-AA09-4B0D-8634-1CB77A5E1F1A}
		{F352D55B-E672-41CA-A59E-34AE93A03658} = {5ECA9349-AA09-4B0D-8634-1CB77A5E1F1A}
		{96E99049-F303-4319-93F5-9CDBC2C240EE} = {5ECA9349-AA09-4B0D-8634-1CB77A5E1F1A}
		{F80FFA5F-8B46-4C88-BB29-6DB9B54A84BB} = {5ECA9349-AA09-4B0D-8634-1CB77A5E1F1A}
		{4CB5EC63-C82E-4EB4-9553-5723A0EF1201} = {5ECA9349-AA09-4B0D-8634-1CB77A5E1F1A}
		{49122AC4-E59A-40AC-8860-66E112648CCB} = {5ECA9349-AA09-4B0D-8634-1CB77A5E1F1A}
		{CA010F0A-AD36-4ACF-99A6-068D2135818C} = {5ECA9349-AA09-4B0D-8634-1CB77A5E1F1A}
		{74A33AE3-3904-4B9F-AFDF-FD91AF74E01E} = {5ECA9349-AA09-4B0D-8634-1CB77A5E1F1A}
		{3BBC7B39-2B57-470F-8704-358580A8825A} = {5ECA9349-AA09-4B0D-8634-1CB77A5E1F1A}
		{61435F40-D55D-4DDB-A72E-5DD51C84075D} = {6374DE0C-90FD-42EB-9691-58250B298B16}
		{49DAA603-5447-4D2A-B63B-B68D551CA21C} = {6374DE0C-90FD-42EB-9691-58250B298B16}
		{089582BA-053E-42C2-8CBC-8D8D22A15B8B} = {6374DE0C-90FD-42EB-9691-58250B298B16}
	EndGlobalSection
	GlobalSection(ExtensibilityGlobals) = postSolution
		SolutionGuid = {682C1635-96CC-4D88-B75E-7F13C10FAF23}
	EndGlobalSection
EndGlobal
