
Microsoft Visual Studio Solution File, Format Version 12.00
# Visual Studio Version 17
VisualStudioVersion = 17.10.34916.146
MinimumVisualStudioVersion = 10.0.40219.1
Project("{2150E333-8FDC-42A3-9474-1A3956D46DE8}") = "Lesson №_1 Сlasses and objects", "Lesson №_1 Сlasses and objects", "{96BB07D0-3F42-4852-BFC0-DA14929BEADB}"
EndProject
Project("{2150E333-8FDC-42A3-9474-1A3956D46DE8}") = "Lesson №_2 Introduction to OOP", "Lesson №_2 Introduction to OOP", "{F111FF93-1AA0-4FD2-A3A1-E2D324E79603}"
EndProject
Project("{2150E333-8FDC-42A3-9474-1A3956D46DE8}") = "Lesson №_3 Encapsulation", "Lesson №_3 Encapsulation", "{6374DE0C-90FD-42EB-9691-58250B298B16}"
EndProject
Project("{2150E333-8FDC-42A3-9474-1A3956D46DE8}") = "Lesson №_4 Inheritance", "Lesson №_4 Inheritance", "{C2B05D83-67B7-452C-BF55-4E78881806E6}"
EndProject
Project("{2150E333-8FDC-42A3-9474-1A3956D46DE8}") = "Lesson №_5 Polymorphism", "Lesson №_5 Polymorphism", "{49D3F242-D3AA-45B7-B043-B3B542404992}"
EndProject
Project("{2150E333-8FDC-42A3-9474-1A3956D46DE8}") = "Lesson №_6 Abstraction", "Lesson №_6 Abstraction", "{5ECA9349-AA09-4B0D-8634-1CB77A5E1F1A}"
EndProject
Project("{9A19103F-16F7-4668-BE54-9A1E7A4F7556}") = "1.1._Task", "1.1._Task\1.1._Task.csproj", "{23D5D90B-B455-4996-A04C-6AE621B8B204}"
EndProject
Project("{9A19103F-16F7-4668-BE54-9A1E7A4F7556}") = "1.2._Task", "1.2._Task\1.2._Task.csproj", "{7E858BD2-93F5-4781-A371-D07D9FE24466}"
EndProject
Project("{9A19103F-16F7-4668-BE54-9A1E7A4F7556}") = "1.3._Task", "1.3._Task\1.3._Task.csproj", "{46B51BCD-8BE8-4D54-8379-E6938BE7BE82}"
EndProject
Project("{9A19103F-16F7-4668-BE54-9A1E7A4F7556}") = "1.4._Task", "1.4._Task\1.4._Task.csproj", "{A054FD0B-A144-45DB-BCAF-26C274ABEF8E}"
EndProject
Project("{9A19103F-16F7-4668-BE54-9A1E7A4F7556}") = "1.5._Task", "1.5._Task\1.5._Task.csproj", "{2E5CCB18-41DA-467E-B222-56B5111ECABE}"
EndProject
Project("{9A19103F-16F7-4668-BE54-9A1E7A4F7556}") = "1.6._Task", "1.6._Task\1.6._Task.csproj", "{9BC7B45E-6A0D-4A55-979C-02B99132E8CF}"
EndProject
Project("{9A19103F-16F7-4668-BE54-9A1E7A4F7556}") = "1.7._Task", "1.7._Task\1.7._Task.csproj", "{B43A696E-1AC1-429C-908C-881AD5F88FA9}"
EndProject
Project("{9A19103F-16F7-4668-BE54-9A1E7A4F7556}") = "1.8._Task", "1.8._Task\1.8._Task.csproj", "{C1A7F897-EE53-4BAD-A12B-FF8C28597401}"
EndProject
Project("{9A19103F-16F7-4668-BE54-9A1E7A4F7556}") = "1.9._Task", "1.9._Task\1.9._Task.csproj", "{13A520CD-E167-4C75-88B4-B06B660403D1}"
EndProject
Project("{9A19103F-16F7-4668-BE54-9A1E7A4F7556}") = "1_10._Task", "1.10._Task\1_10._Task.csproj", "{4EFA94EB-2A2E-4127-BDB8-934390351E7F}"
EndProject
Project("{9A19103F-16F7-4668-BE54-9A1E7A4F7556}") = "1_11._Task", "1_11._Task\1_11._Task.csproj", "{22633E57-2DA5-4BB6-A89E-62D05AC81C3C}"
EndProject
Project("{9A19103F-16F7-4668-BE54-9A1E7A4F7556}") = "1_12._Task", "1_12._Task\1_12._Task.csproj", "{C0A56544-E6E2-4B42-A762-8564DC332827}"
EndProject
Project("{9A19103F-16F7-4668-BE54-9A1E7A4F7556}") = "1_13._Task", "1_13._Task\1_13._Task.csproj", "{8A971B47-C28C-4276-BD96-09AA68EF05C6}"
EndProject
Project("{9A19103F-16F7-4668-BE54-9A1E7A4F7556}") = "1_14._Task", "1_14._Task\1_14._Task.csproj", "{1798302C-770F-4247-9FC6-38838ABF7DB9}"
EndProject
Project("{9A19103F-16F7-4668-BE54-9A1E7A4F7556}") = "1_15._Task", "1_15._Task\1_15._Task.csproj", "{328DB55B-2525-4C81-B450-B9F1EA594902}"
EndProject
Project("{9A19103F-16F7-4668-BE54-9A1E7A4F7556}") = "1_16._Task", "1_16._Task\1_16._Task.csproj", "{5BD4A1CB-E78A-493D-A663-0B77216B2EC6}"
EndProject
Project("{9A19103F-16F7-4668-BE54-9A1E7A4F7556}") = "2.1._Task", "2.1._Task\2.1._Task.csproj", "{BF298595-7F48-48B6-BD16-C4AD4AF8B8EF}"
EndProject
Project("{9A19103F-16F7-4668-BE54-9A1E7A4F7556}") = "2.2._Task", "2.2._Task\2.2._Task.csproj", "{D8A3768B-8B6B-45DF-8BA4-40F7EE04E10C}"
EndProject
Project("{9A19103F-16F7-4668-BE54-9A1E7A4F7556}") = "2.3._Task", "2.3._Task\2.3._Task.csproj", "{FFD16082-5C1B-4834-9BE9-1753128B9E81}"
EndProject
Project("{9A19103F-16F7-4668-BE54-9A1E7A4F7556}") = "2.4._Task", "2.4._Task\2.4._Task.csproj", "{0D800A35-A159-4A87-88D3-2B345EEA97AB}"
EndProject
Project("{9A19103F-16F7-4668-BE54-9A1E7A4F7556}") = "2.5._Task", "2.5._Task\2.5._Task.csproj", "{24D28ADE-A3F4-4C72-91FA-B5A6F744BEBE}"
EndProject
Project("{9A19103F-16F7-4668-BE54-9A1E7A4F7556}") = "2.6._Task", "2.6._Task\2.6._Task.csproj", "{21C46C28-D33F-40A3-8E48-F307D6929C8D}"
EndProject
Project("{2150E333-8FDC-42A3-9474-1A3956D46DE8}") = "2_Homework", "2_Homework", "{D45E442D-D498-40C2-A6F0-27F2B14FD071}"
EndProject
Project("{2150E333-8FDC-42A3-9474-1A3956D46DE8}") = "1_Lesson", "1_Lesson", "{684BFC97-4F68-4F56-A7C3-F6A7241D79DA}"
EndProject
Project("{2150E333-8FDC-42A3-9474-1A3956D46DE8}") = "№_1 H.W.", "№_1 H.W.", "{444286F9-611C-4794-92E3-F0A23133C637}"
EndProject
Project("{2150E333-8FDC-42A3-9474-1A3956D46DE8}") = "№_2 H.W.", "№_2 H.W.", "{2A7C35D2-59A0-4643-8960-9C180B566324}"
EndProject
Project("{2150E333-8FDC-42A3-9474-1A3956D46DE8}") = "№_3 H.W.", "№_3 H.W.", "{4BE0468F-9038-4DFF-A554-CB5BEEEB0CE8}"
EndProject
Project("{2150E333-8FDC-42A3-9474-1A3956D46DE8}") = "№_4 H.W.", "№_4 H.W.", "{3EBB807E-4800-450D-9A9F-A91C2540993A}"
EndProject
Project("{2150E333-8FDC-42A3-9474-1A3956D46DE8}") = "№_5 H.W.", "№_5 H.W.", "{1D28C520-77EF-4F91-9F0A-E415176BB4AD}"
EndProject
Project("{2150E333-8FDC-42A3-9474-1A3956D46DE8}") = "№_6 H.W.", "№_6 H.W.", "{21D6AA01-5F48-4D7A-A66E-4851E4DD70FD}"
EndProject
Project("{9A19103F-16F7-4668-BE54-9A1E7A4F7556}") = "H.W. №_1  Task_№_1", "H.W. №_1  Task_№_1\H.W. №_1  Task_№_1.csproj", "{4FB7E86A-D4B0-4F12-BF91-34A838718315}"
EndProject
Project("{9A19103F-16F7-4668-BE54-9A1E7A4F7556}") = "H.W. №_1  Task_№_2", "H.W. №_1  Task_№_2\H.W. №_1  Task_№_2.csproj", "{2977FC97-7600-4B3B-A47F-8EAE914385DE}"
EndProject
Project("{9A19103F-16F7-4668-BE54-9A1E7A4F7556}") = "H.W. №_1  Task_№_3", "H.W. №_1  Task_№_3\H.W. №_1  Task_№_3.csproj", "{963FF5B8-0DBA-4C0C-AFEC-B6109DB86E91}"
EndProject
Project("{9A19103F-16F7-4668-BE54-9A1E7A4F7556}") = "H.W. №_2  Task_№_1", "H.W. №_2  Task_№_1\H.W. №_2  Task_№_1.csproj", "{88A4BB0C-A244-4C63-81F5-4A510E9FD6AC}"
EndProject
Project("{9A19103F-16F7-4668-BE54-9A1E7A4F7556}") = "H.W. №_2  Task_№_2", "H.W. №_2  Task_№_2\H.W. №_2  Task_№_2.csproj", "{FEF8B8A0-3619-4B7D-A739-D47FA5B7451E}"
EndProject
Project("{9A19103F-16F7-4668-BE54-9A1E7A4F7556}") = "H.W. №_3  Task_№_1", "H.W. №_3  Task_№_1\H.W. №_3  Task_№_1.csproj", "{395E904E-3938-4C74-8F40-DBBEE1C04877}"
EndProject
Project("{9A19103F-16F7-4668-BE54-9A1E7A4F7556}") = "H.W. №_3  Task_№_2", "H.W. №_3  Task_№_2\H.W. №_3  Task_№_2.csproj", "{E5E4BA65-6C80-4B93-998B-24A7831E14E2}"
EndProject
Project("{9A19103F-16F7-4668-BE54-9A1E7A4F7556}") = "H.W. №_3  Task_№_3", "H.W. №_3  Task_№_3\H.W. №_3  Task_№_3.csproj", "{F44B2820-C6A4-4AD8-BEBD-135CE8F9B872}"
EndProject
Project("{9A19103F-16F7-4668-BE54-9A1E7A4F7556}") = "H.W. №_4  Task_№_2", "H.W. №_4  Task_№_2\H.W. №_4  Task_№_2.csproj", "{10743432-92B2-4311-AF87-1743F005E46C}"
EndProject
Project("{9A19103F-16F7-4668-BE54-9A1E7A4F7556}") = "H.W. №_4  Task_№_1", "H.W. №_4  Task_№_1\H.W. №_4  Task_№_1.csproj", "{38D1A607-3471-40C0-A1F1-5F0E7E753CE1}"
EndProject
Project("{9A19103F-16F7-4668-BE54-9A1E7A4F7556}") = "H.W. №_5  Task_№_2", "H.W. №_5  Task_№_2\H.W. №_5  Task_№_2.csproj", "{0C9230B4-BE3D-4DAF-A8C2-7303DD3E1238}"
EndProject
Project("{9A19103F-16F7-4668-BE54-9A1E7A4F7556}") = "H.W. №_5  Task_№_1", "H.W. №_5  Task_№_1\H.W. №_5  Task_№_1.csproj", "{97AB8569-63E9-4FB7-AA56-33143A1FEBC2}"
EndProject
Project("{9A19103F-16F7-4668-BE54-9A1E7A4F7556}") = "H.W. №_6  Task_№_1", "H.W. №_6  Task_№_1\H.W. №_6  Task_№_1.csproj", "{808C3BC8-387F-43DB-A67E-2C21E4303107}"
EndProject
Project("{9A19103F-16F7-4668-BE54-9A1E7A4F7556}") = "H.W. №_6  Task_№_2", "H.W. №_6  Task_№_2\H.W. №_6  Task_№_2.csproj", "{5B05B41B-EF48-48FB-8300-4B5B93CD8E8F}"
EndProject
Project("{9A19103F-16F7-4668-BE54-9A1E7A4F7556}") = "H.W. №_6  Task_№_3", "H.W. №_6  Task_№_3\H.W. №_6  Task_№_3.csproj", "{A23BBD8D-A4C0-454B-B258-DB16B7F8E5CA}"
EndProject
Global
	GlobalSection(SolutionConfigurationPlatforms) = preSolution
		Debug|Any CPU = Debug|Any CPU
		Release|Any CPU = Release|Any CPU
	EndGlobalSection
	GlobalSection(ProjectConfigurationPlatforms) = postSolution
		{23D5D90B-B455-4996-A04C-6AE621B8B204}.Debug|Any CPU.ActiveCfg = Debug|Any CPU
		{23D5D90B-B455-4996-A04C-6AE621B8B204}.Debug|Any CPU.Build.0 = Debug|Any CPU
		{23D5D90B-B455-4996-A04C-6AE621B8B204}.Release|Any CPU.ActiveCfg = Release|Any CPU
		{23D5D90B-B455-4996-A04C-6AE621B8B204}.Release|Any CPU.Build.0 = Release|Any CPU
		{7E858BD2-93F5-4781-A371-D07D9FE24466}.Debug|Any CPU.ActiveCfg = Debug|Any CPU
		{7E858BD2-93F5-4781-A371-D07D9FE24466}.Debug|Any CPU.Build.0 = Debug|Any CPU
		{7E858BD2-93F5-4781-A371-D07D9FE24466}.Release|Any CPU.ActiveCfg = Release|Any CPU
		{7E858BD2-93F5-4781-A371-D07D9FE24466}.Release|Any CPU.Build.0 = Release|Any CPU
		{46B51BCD-8BE8-4D54-8379-E6938BE7BE82}.Debug|Any CPU.ActiveCfg = Debug|Any CPU
		{46B51BCD-8BE8-4D54-8379-E6938BE7BE82}.Debug|Any CPU.Build.0 = Debug|Any CPU
		{46B51BCD-8BE8-4D54-8379-E6938BE7BE82}.Release|Any CPU.ActiveCfg = Release|Any CPU
		{46B51BCD-8BE8-4D54-8379-E6938BE7BE82}.Release|Any CPU.Build.0 = Release|Any CPU
		{A054FD0B-A144-45DB-BCAF-26C274ABEF8E}.Debug|Any CPU.ActiveCfg = Debug|Any CPU
		{A054FD0B-A144-45DB-BCAF-26C274ABEF8E}.Debug|Any CPU.Build.0 = Debug|Any CPU
		{A054FD0B-A144-45DB-BCAF-26C274ABEF8E}.Release|Any CPU.ActiveCfg = Release|Any CPU
		{A054FD0B-A144-45DB-BCAF-26C274ABEF8E}.Release|Any CPU.Build.0 = Release|Any CPU
		{2E5CCB18-41DA-467E-B222-56B5111ECABE}.Debug|Any CPU.ActiveCfg = Debug|Any CPU
		{2E5CCB18-41DA-467E-B222-56B5111ECABE}.Debug|Any CPU.Build.0 = Debug|Any CPU
		{2E5CCB18-41DA-467E-B222-56B5111ECABE}.Release|Any CPU.ActiveCfg = Release|Any CPU
		{2E5CCB18-41DA-467E-B222-56B5111ECABE}.Release|Any CPU.Build.0 = Release|Any CPU
		{9BC7B45E-6A0D-4A55-979C-02B99132E8CF}.Debug|Any CPU.ActiveCfg = Debug|Any CPU
		{9BC7B45E-6A0D-4A55-979C-02B99132E8CF}.Debug|Any CPU.Build.0 = Debug|Any CPU
		{9BC7B45E-6A0D-4A55-979C-02B99132E8CF}.Release|Any CPU.ActiveCfg = Release|Any CPU
		{9BC7B45E-6A0D-4A55-979C-02B99132E8CF}.Release|Any CPU.Build.0 = Release|Any CPU
		{B43A696E-1AC1-429C-908C-881AD5F88FA9}.Debug|Any CPU.ActiveCfg = Debug|Any CPU
		{B43A696E-1AC1-429C-908C-881AD5F88FA9}.Debug|Any CPU.Build.0 = Debug|Any CPU
		{B43A696E-1AC1-429C-908C-881AD5F88FA9}.Release|Any CPU.ActiveCfg = Release|Any CPU
		{B43A696E-1AC1-429C-908C-881AD5F88FA9}.Release|Any CPU.Build.0 = Release|Any CPU
		{C1A7F897-EE53-4BAD-A12B-FF8C28597401}.Debug|Any CPU.ActiveCfg = Debug|Any CPU
		{C1A7F897-EE53-4BAD-A12B-FF8C28597401}.Debug|Any CPU.Build.0 = Debug|Any CPU
		{C1A7F897-EE53-4BAD-A12B-FF8C28597401}.Release|Any CPU.ActiveCfg = Release|Any CPU
		{C1A7F897-EE53-4BAD-A12B-FF8C28597401}.Release|Any CPU.Build.0 = Release|Any CPU
		{13A520CD-E167-4C75-88B4-B06B660403D1}.Debug|Any CPU.ActiveCfg = Debug|Any CPU
		{13A520CD-E167-4C75-88B4-B06B660403D1}.Debug|Any CPU.Build.0 = Debug|Any CPU
		{13A520CD-E167-4C75-88B4-B06B660403D1}.Release|Any CPU.ActiveCfg = Release|Any CPU
		{13A520CD-E167-4C75-88B4-B06B660403D1}.Release|Any CPU.Build.0 = Release|Any CPU
		{4EFA94EB-2A2E-4127-BDB8-934390351E7F}.Debug|Any CPU.ActiveCfg = Debug|Any CPU
		{4EFA94EB-2A2E-4127-BDB8-934390351E7F}.Debug|Any CPU.Build.0 = Debug|Any CPU
		{4EFA94EB-2A2E-4127-BDB8-934390351E7F}.Release|Any CPU.ActiveCfg = Release|Any CPU
		{4EFA94EB-2A2E-4127-BDB8-934390351E7F}.Release|Any CPU.Build.0 = Release|Any CPU
		{22633E57-2DA5-4BB6-A89E-62D05AC81C3C}.Debug|Any CPU.ActiveCfg = Debug|Any CPU
		{22633E57-2DA5-4BB6-A89E-62D05AC81C3C}.Debug|Any CPU.Build.0 = Debug|Any CPU
		{22633E57-2DA5-4BB6-A89E-62D05AC81C3C}.Release|Any CPU.ActiveCfg = Release|Any CPU
		{22633E57-2DA5-4BB6-A89E-62D05AC81C3C}.Release|Any CPU.Build.0 = Release|Any CPU
		{C0A56544-E6E2-4B42-A762-8564DC332827}.Debug|Any CPU.ActiveCfg = Debug|Any CPU
		{C0A56544-E6E2-4B42-A762-8564DC332827}.Debug|Any CPU.Build.0 = Debug|Any CPU
		{C0A56544-E6E2-4B42-A762-8564DC332827}.Release|Any CPU.ActiveCfg = Release|Any CPU
		{C0A56544-E6E2-4B42-A762-8564DC332827}.Release|Any CPU.Build.0 = Release|Any CPU
		{8A971B47-C28C-4276-BD96-09AA68EF05C6}.Debug|Any CPU.ActiveCfg = Debug|Any CPU
		{8A971B47-C28C-4276-BD96-09AA68EF05C6}.Debug|Any CPU.Build.0 = Debug|Any CPU
		{8A971B47-C28C-4276-BD96-09AA68EF05C6}.Release|Any CPU.ActiveCfg = Release|Any CPU
		{8A971B47-C28C-4276-BD96-09AA68EF05C6}.Release|Any CPU.Build.0 = Release|Any CPU
		{1798302C-770F-4247-9FC6-38838ABF7DB9}.Debug|Any CPU.ActiveCfg = Debug|Any CPU
		{1798302C-770F-4247-9FC6-38838ABF7DB9}.Debug|Any CPU.Build.0 = Debug|Any CPU
		{1798302C-770F-4247-9FC6-38838ABF7DB9}.Release|Any CPU.ActiveCfg = Release|Any CPU
		{1798302C-770F-4247-9FC6-38838ABF7DB9}.Release|Any CPU.Build.0 = Release|Any CPU
		{328DB55B-2525-4C81-B450-B9F1EA594902}.Debug|Any CPU.ActiveCfg = Debug|Any CPU
		{328DB55B-2525-4C81-B450-B9F1EA594902}.Debug|Any CPU.Build.0 = Debug|Any CPU
		{328DB55B-2525-4C81-B450-B9F1EA594902}.Release|Any CPU.ActiveCfg = Release|Any CPU
		{328DB55B-2525-4C81-B450-B9F1EA594902}.Release|Any CPU.Build.0 = Release|Any CPU
		{5BD4A1CB-E78A-493D-A663-0B77216B2EC6}.Debug|Any CPU.ActiveCfg = Debug|Any CPU
		{5BD4A1CB-E78A-493D-A663-0B77216B2EC6}.Debug|Any CPU.Build.0 = Debug|Any CPU
		{5BD4A1CB-E78A-493D-A663-0B77216B2EC6}.Release|Any CPU.ActiveCfg = Release|Any CPU
		{5BD4A1CB-E78A-493D-A663-0B77216B2EC6}.Release|Any CPU.Build.0 = Release|Any CPU
		{BF298595-7F48-48B6-BD16-C4AD4AF8B8EF}.Debug|Any CPU.ActiveCfg = Debug|Any CPU
		{BF298595-7F48-48B6-BD16-C4AD4AF8B8EF}.Debug|Any CPU.Build.0 = Debug|Any CPU
		{BF298595-7F48-48B6-BD16-C4AD4AF8B8EF}.Release|Any CPU.ActiveCfg = Release|Any CPU
		{BF298595-7F48-48B6-BD16-C4AD4AF8B8EF}.Release|Any CPU.Build.0 = Release|Any CPU
		{D8A3768B-8B6B-45DF-8BA4-40F7EE04E10C}.Debug|Any CPU.ActiveCfg = Debug|Any CPU
		{D8A3768B-8B6B-45DF-8BA4-40F7EE04E10C}.Debug|Any CPU.Build.0 = Debug|Any CPU
		{D8A3768B-8B6B-45DF-8BA4-40F7EE04E10C}.Release|Any CPU.ActiveCfg = Release|Any CPU
		{D8A3768B-8B6B-45DF-8BA4-40F7EE04E10C}.Release|Any CPU.Build.0 = Release|Any CPU
		{FFD16082-5C1B-4834-9BE9-1753128B9E81}.Debug|Any CPU.ActiveCfg = Debug|Any CPU
		{FFD16082-5C1B-4834-9BE9-1753128B9E81}.Debug|Any CPU.Build.0 = Debug|Any CPU
		{FFD16082-5C1B-4834-9BE9-1753128B9E81}.Release|Any CPU.ActiveCfg = Release|Any CPU
		{FFD16082-5C1B-4834-9BE9-1753128B9E81}.Release|Any CPU.Build.0 = Release|Any CPU
		{0D800A35-A159-4A87-88D3-2B345EEA97AB}.Debug|Any CPU.ActiveCfg = Debug|Any CPU
		{0D800A35-A159-4A87-88D3-2B345EEA97AB}.Debug|Any CPU.Build.0 = Debug|Any CPU
		{0D800A35-A159-4A87-88D3-2B345EEA97AB}.Release|Any CPU.ActiveCfg = Release|Any CPU
		{0D800A35-A159-4A87-88D3-2B345EEA97AB}.Release|Any CPU.Build.0 = Release|Any CPU
		{24D28ADE-A3F4-4C72-91FA-B5A6F744BEBE}.Debug|Any CPU.ActiveCfg = Debug|Any CPU
		{24D28ADE-A3F4-4C72-91FA-B5A6F744BEBE}.Debug|Any CPU.Build.0 = Debug|Any CPU
		{24D28ADE-A3F4-4C72-91FA-B5A6F744BEBE}.Release|Any CPU.ActiveCfg = Release|Any CPU
		{24D28ADE-A3F4-4C72-91FA-B5A6F744BEBE}.Release|Any CPU.Build.0 = Release|Any CPU
		{21C46C28-D33F-40A3-8E48-F307D6929C8D}.Debug|Any CPU.ActiveCfg = Debug|Any CPU
		{21C46C28-D33F-40A3-8E48-F307D6929C8D}.Debug|Any CPU.Build.0 = Debug|Any CPU
		{21C46C28-D33F-40A3-8E48-F307D6929C8D}.Release|Any CPU.ActiveCfg = Release|Any CPU
		{21C46C28-D33F-40A3-8E48-F307D6929C8D}.Release|Any CPU.Build.0 = Release|Any CPU
		{4FB7E86A-D4B0-4F12-BF91-34A838718315}.Debug|Any CPU.ActiveCfg = Debug|Any CPU
		{4FB7E86A-D4B0-4F12-BF91-34A838718315}.Debug|Any CPU.Build.0 = Debug|Any CPU
		{4FB7E86A-D4B0-4F12-BF91-34A838718315}.Release|Any CPU.ActiveCfg = Release|Any CPU
		{4FB7E86A-D4B0-4F12-BF91-34A838718315}.Release|Any CPU.Build.0 = Release|Any CPU
		{2977FC97-7600-4B3B-A47F-8EAE914385DE}.Debug|Any CPU.ActiveCfg = Debug|Any CPU
		{2977FC97-7600-4B3B-A47F-8EAE914385DE}.Debug|Any CPU.Build.0 = Debug|Any CPU
		{2977FC97-7600-4B3B-A47F-8EAE914385DE}.Release|Any CPU.ActiveCfg = Release|Any CPU
		{2977FC97-7600-4B3B-A47F-8EAE914385DE}.Release|Any CPU.Build.0 = Release|Any CPU
		{963FF5B8-0DBA-4C0C-AFEC-B6109DB86E91}.Debug|Any CPU.ActiveCfg = Debug|Any CPU
		{963FF5B8-0DBA-4C0C-AFEC-B6109DB86E91}.Debug|Any CPU.Build.0 = Debug|Any CPU
		{963FF5B8-0DBA-4C0C-AFEC-B6109DB86E91}.Release|Any CPU.ActiveCfg = Release|Any CPU
		{963FF5B8-0DBA-4C0C-AFEC-B6109DB86E91}.Release|Any CPU.Build.0 = Release|Any CPU
		{88A4BB0C-A244-4C63-81F5-4A510E9FD6AC}.Debug|Any CPU.ActiveCfg = Debug|Any CPU
		{88A4BB0C-A244-4C63-81F5-4A510E9FD6AC}.Debug|Any CPU.Build.0 = Debug|Any CPU
		{88A4BB0C-A244-4C63-81F5-4A510E9FD6AC}.Release|Any CPU.ActiveCfg = Release|Any CPU
		{88A4BB0C-A244-4C63-81F5-4A510E9FD6AC}.Release|Any CPU.Build.0 = Release|Any CPU
		{FEF8B8A0-3619-4B7D-A739-D47FA5B7451E}.Debug|Any CPU.ActiveCfg = Debug|Any CPU
		{FEF8B8A0-3619-4B7D-A739-D47FA5B7451E}.Debug|Any CPU.Build.0 = Debug|Any CPU
		{FEF8B8A0-3619-4B7D-A739-D47FA5B7451E}.Release|Any CPU.ActiveCfg = Release|Any CPU
		{FEF8B8A0-3619-4B7D-A739-D47FA5B7451E}.Release|Any CPU.Build.0 = Release|Any CPU
		{395E904E-3938-4C74-8F40-DBBEE1C04877}.Debug|Any CPU.ActiveCfg = Debug|Any CPU
		{395E904E-3938-4C74-8F40-DBBEE1C04877}.Debug|Any CPU.Build.0 = Debug|Any CPU
		{395E904E-3938-4C74-8F40-DBBEE1C04877}.Release|Any CPU.ActiveCfg = Release|Any CPU
		{395E904E-3938-4C74-8F40-DBBEE1C04877}.Release|Any CPU.Build.0 = Release|Any CPU
		{E5E4BA65-6C80-4B93-998B-24A7831E14E2}.Debug|Any CPU.ActiveCfg = Debug|Any CPU
		{E5E4BA65-6C80-4B93-998B-24A7831E14E2}.Debug|Any CPU.Build.0 = Debug|Any CPU
		{E5E4BA65-6C80-4B93-998B-24A7831E14E2}.Release|Any CPU.ActiveCfg = Release|Any CPU
		{E5E4BA65-6C80-4B93-998B-24A7831E14E2}.Release|Any CPU.Build.0 = Release|Any CPU
		{F44B2820-C6A4-4AD8-BEBD-135CE8F9B872}.Debug|Any CPU.ActiveCfg = Debug|Any CPU
		{F44B2820-C6A4-4AD8-BEBD-135CE8F9B872}.Debug|Any CPU.Build.0 = Debug|Any CPU
		{F44B2820-C6A4-4AD8-BEBD-135CE8F9B872}.Release|Any CPU.ActiveCfg = Release|Any CPU
		{F44B2820-C6A4-4AD8-BEBD-135CE8F9B872}.Release|Any CPU.Build.0 = Release|Any CPU
		{10743432-92B2-4311-AF87-1743F005E46C}.Debug|Any CPU.ActiveCfg = Debug|Any CPU
		{10743432-92B2-4311-AF87-1743F005E46C}.Debug|Any CPU.Build.0 = Debug|Any CPU
		{10743432-92B2-4311-AF87-1743F005E46C}.Release|Any CPU.ActiveCfg = Release|Any CPU
		{10743432-92B2-4311-AF87-1743F005E46C}.Release|Any CPU.Build.0 = Release|Any CPU
		{38D1A607-3471-40C0-A1F1-5F0E7E753CE1}.Debug|Any CPU.ActiveCfg = Debug|Any CPU
		{38D1A607-3471-40C0-A1F1-5F0E7E753CE1}.Debug|Any CPU.Build.0 = Debug|Any CPU
		{38D1A607-3471-40C0-A1F1-5F0E7E753CE1}.Release|Any CPU.ActiveCfg = Release|Any CPU
		{38D1A607-3471-40C0-A1F1-5F0E7E753CE1}.Release|Any CPU.Build.0 = Release|Any CPU
		{0C9230B4-BE3D-4DAF-A8C2-7303DD3E1238}.Debug|Any CPU.ActiveCfg = Debug|Any CPU
		{0C9230B4-BE3D-4DAF-A8C2-7303DD3E1238}.Debug|Any CPU.Build.0 = Debug|Any CPU
		{0C9230B4-BE3D-4DAF-A8C2-7303DD3E1238}.Release|Any CPU.ActiveCfg = Release|Any CPU
		{0C9230B4-BE3D-4DAF-A8C2-7303DD3E1238}.Release|Any CPU.Build.0 = Release|Any CPU
		{97AB8569-63E9-4FB7-AA56-33143A1FEBC2}.Debug|Any CPU.ActiveCfg = Debug|Any CPU
		{97AB8569-63E9-4FB7-AA56-33143A1FEBC2}.Debug|Any CPU.Build.0 = Debug|Any CPU
		{97AB8569-63E9-4FB7-AA56-33143A1FEBC2}.Release|Any CPU.ActiveCfg = Release|Any CPU
		{97AB8569-63E9-4FB7-AA56-33143A1FEBC2}.Release|Any CPU.Build.0 = Release|Any CPU
		{808C3BC8-387F-43DB-A67E-2C21E4303107}.Debug|Any CPU.ActiveCfg = Debug|Any CPU
		{808C3BC8-387F-43DB-A67E-2C21E4303107}.Debug|Any CPU.Build.0 = Debug|Any CPU
		{808C3BC8-387F-43DB-A67E-2C21E4303107}.Release|Any CPU.ActiveCfg = Release|Any CPU
		{808C3BC8-387F-43DB-A67E-2C21E4303107}.Release|Any CPU.Build.0 = Release|Any CPU
		{5B05B41B-EF48-48FB-8300-4B5B93CD8E8F}.Debug|Any CPU.ActiveCfg = Debug|Any CPU
		{5B05B41B-EF48-48FB-8300-4B5B93CD8E8F}.Debug|Any CPU.Build.0 = Debug|Any CPU
		{5B05B41B-EF48-48FB-8300-4B5B93CD8E8F}.Release|Any CPU.ActiveCfg = Release|Any CPU
		{5B05B41B-EF48-48FB-8300-4B5B93CD8E8F}.Release|Any CPU.Build.0 = Release|Any CPU
		{A23BBD8D-A4C0-454B-B258-DB16B7F8E5CA}.Debug|Any CPU.ActiveCfg = Debug|Any CPU
		{A23BBD8D-A4C0-454B-B258-DB16B7F8E5CA}.Debug|Any CPU.Build.0 = Debug|Any CPU
		{A23BBD8D-A4C0-454B-B258-DB16B7F8E5CA}.Release|Any CPU.ActiveCfg = Release|Any CPU
		{A23BBD8D-A4C0-454B-B258-DB16B7F8E5CA}.Release|Any CPU.Build.0 = Release|Any CPU
	EndGlobalSection
	GlobalSection(SolutionProperties) = preSolution
		HideSolutionNode = FALSE
	EndGlobalSection
	GlobalSection(NestedProjects) = preSolution
		{96BB07D0-3F42-4852-BFC0-DA14929BEADB} = {684BFC97-4F68-4F56-A7C3-F6A7241D79DA}
		{F111FF93-1AA0-4FD2-A3A1-E2D324E79603} = {684BFC97-4F68-4F56-A7C3-F6A7241D79DA}
		{6374DE0C-90FD-42EB-9691-58250B298B16} = {684BFC97-4F68-4F56-A7C3-F6A7241D79DA}
		{C2B05D83-67B7-452C-BF55-4E78881806E6} = {684BFC97-4F68-4F56-A7C3-F6A7241D79DA}
		{49D3F242-D3AA-45B7-B043-B3B542404992} = {684BFC97-4F68-4F56-A7C3-F6A7241D79DA}
		{5ECA9349-AA09-4B0D-8634-1CB77A5E1F1A} = {684BFC97-4F68-4F56-A7C3-F6A7241D79DA}
		{23D5D90B-B455-4996-A04C-6AE621B8B204} = {96BB07D0-3F42-4852-BFC0-DA14929BEADB}
		{7E858BD2-93F5-4781-A371-D07D9FE24466} = {96BB07D0-3F42-4852-BFC0-DA14929BEADB}
		{46B51BCD-8BE8-4D54-8379-E6938BE7BE82} = {96BB07D0-3F42-4852-BFC0-DA14929BEADB}
		{A054FD0B-A144-45DB-BCAF-26C274ABEF8E} = {96BB07D0-3F42-4852-BFC0-DA14929BEADB}
		{2E5CCB18-41DA-467E-B222-56B5111ECABE} = {96BB07D0-3F42-4852-BFC0-DA14929BEADB}
		{9BC7B45E-6A0D-4A55-979C-02B99132E8CF} = {96BB07D0-3F42-4852-BFC0-DA14929BEADB}
		{B43A696E-1AC1-429C-908C-881AD5F88FA9} = {96BB07D0-3F42-4852-BFC0-DA14929BEADB}
		{C1A7F897-EE53-4BAD-A12B-FF8C28597401} = {96BB07D0-3F42-4852-BFC0-DA14929BEADB}
		{13A520CD-E167-4C75-88B4-B06B660403D1} = {96BB07D0-3F42-4852-BFC0-DA14929BEADB}
		{4EFA94EB-2A2E-4127-BDB8-934390351E7F} = {96BB07D0-3F42-4852-BFC0-DA14929BEADB}
		{22633E57-2DA5-4BB6-A89E-62D05AC81C3C} = {96BB07D0-3F42-4852-BFC0-DA14929BEADB}
		{C0A56544-E6E2-4B42-A762-8564DC332827} = {96BB07D0-3F42-4852-BFC0-DA14929BEADB}
		{8A971B47-C28C-4276-BD96-09AA68EF05C6} = {96BB07D0-3F42-4852-BFC0-DA14929BEADB}
		{1798302C-770F-4247-9FC6-38838ABF7DB9} = {96BB07D0-3F42-4852-BFC0-DA14929BEADB}
		{328DB55B-2525-4C81-B450-B9F1EA594902} = {96BB07D0-3F42-4852-BFC0-DA14929BEADB}
		{5BD4A1CB-E78A-493D-A663-0B77216B2EC6} = {96BB07D0-3F42-4852-BFC0-DA14929BEADB}
		{BF298595-7F48-48B6-BD16-C4AD4AF8B8EF} = {F111FF93-1AA0-4FD2-A3A1-E2D324E79603}
		{D8A3768B-8B6B-45DF-8BA4-40F7EE04E10C} = {F111FF93-1AA0-4FD2-A3A1-E2D324E79603}
		{FFD16082-5C1B-4834-9BE9-1753128B9E81} = {F111FF93-1AA0-4FD2-A3A1-E2D324E79603}
		{0D800A35-A159-4A87-88D3-2B345EEA97AB} = {F111FF93-1AA0-4FD2-A3A1-E2D324E79603}
		{24D28ADE-A3F4-4C72-91FA-B5A6F744BEBE} = {F111FF93-1AA0-4FD2-A3A1-E2D324E79603}
		{21C46C28-D33F-40A3-8E48-F307D6929C8D} = {F111FF93-1AA0-4FD2-A3A1-E2D324E79603}
		{444286F9-611C-4794-92E3-F0A23133C637} = {D45E442D-D498-40C2-A6F0-27F2B14FD071}
		{2A7C35D2-59A0-4643-8960-9C180B566324} = {D45E442D-D498-40C2-A6F0-27F2B14FD071}
		{4BE0468F-9038-4DFF-A554-CB5BEEEB0CE8} = {D45E442D-D498-40C2-A6F0-27F2B14FD071}
		{3EBB807E-4800-450D-9A9F-A91C2540993A} = {D45E442D-D498-40C2-A6F0-27F2B14FD071}
		{1D28C520-77EF-4F91-9F0A-E415176BB4AD} = {D45E442D-D498-40C2-A6F0-27F2B14FD071}
		{21D6AA01-5F48-4D7A-A66E-4851E4DD70FD} = {D45E442D-D498-40C2-A6F0-27F2B14FD071}
		{4FB7E86A-D4B0-4F12-BF91-34A838718315} = {444286F9-611C-4794-92E3-F0A23133C637}
		{2977FC97-7600-4B3B-A47F-8EAE914385DE} = {444286F9-611C-4794-92E3-F0A23133C637}
		{963FF5B8-0DBA-4C0C-AFEC-B6109DB86E91} = {444286F9-611C-4794-92E3-F0A23133C637}
		{88A4BB0C-A244-4C63-81F5-4A510E9FD6AC} = {2A7C35D2-59A0-4643-8960-9C180B566324}
		{FEF8B8A0-3619-4B7D-A739-D47FA5B7451E} = {2A7C35D2-59A0-4643-8960-9C180B566324}
		{395E904E-3938-4C74-8F40-DBBEE1C04877} = {4BE0468F-9038-4DFF-A554-CB5BEEEB0CE8}
		{E5E4BA65-6C80-4B93-998B-24A7831E14E2} = {4BE0468F-9038-4DFF-A554-CB5BEEEB0CE8}
		{F44B2820-C6A4-4AD8-BEBD-135CE8F9B872} = {4BE0468F-9038-4DFF-A554-CB5BEEEB0CE8}
		{10743432-92B2-4311-AF87-1743F005E46C} = {3EBB807E-4800-450D-9A9F-A91C2540993A}
		{38D1A607-3471-40C0-A1F1-5F0E7E753CE1} = {3EBB807E-4800-450D-9A9F-A91C2540993A}
		{0C9230B4-BE3D-4DAF-A8C2-7303DD3E1238} = {1D28C520-77EF-4F91-9F0A-E415176BB4AD}
		{97AB8569-63E9-4FB7-AA56-33143A1FEBC2} = {1D28C520-77EF-4F91-9F0A-E415176BB4AD}
		{808C3BC8-387F-43DB-A67E-2C21E4303107} = {21D6AA01-5F48-4D7A-A66E-4851E4DD70FD}
		{5B05B41B-EF48-48FB-8300-4B5B93CD8E8F} = {21D6AA01-5F48-4D7A-A66E-4851E4DD70FD}
		{A23BBD8D-A4C0-454B-B258-DB16B7F8E5CA} = {21D6AA01-5F48-4D7A-A66E-4851E4DD70FD}
	EndGlobalSection
	GlobalSection(ExtensibilityGlobals) = postSolution
		SolutionGuid = {682C1635-96CC-4D88-B75E-7F13C10FAF23}
	EndGlobalSection
EndGlobal
